// !$*UTF8*$!
{
	archiveVersion = 1;
	classes = {
	};
	objectVersion = 46;
	objects = {
/* Begin PBXBuildFile section */
		0207DA581B56EA530066E2B4 /* Images.xcassets in Resources */ = {isa = PBXBuildFile; fileRef = 0207DA571B56EA530066E2B4 /* Images.xcassets */; };
		1C8A038D80F5455A9FB44429 /* CDVStatusBar.m in Sources */ = {isa = PBXBuildFile; fileRef = 9D1C0D31E54C45F78125EDB2 /* CDVStatusBar.m */; };
		1D3623260D0F684500981E51 /* AppDelegate.m in Sources */ = {isa = PBXBuildFile; fileRef = 1D3623250D0F684500981E51 /* AppDelegate.m */; };
		1D60589B0D05DD56006BFB54 /* main.m in Sources */ = {isa = PBXBuildFile; fileRef = 29B97316FDCFA39411CA2CEA /* main.m */; };
		226CE03710B04E1184106A2D /* Foundation.framework in Frameworks */ = {isa = PBXBuildFile; fileRef = C2718588E01C49BD835D1510 /* Foundation.framework */; };
		24907E2D2D02498C9157C9B0 /* UIKit.framework in Frameworks */ = {isa = PBXBuildFile; fileRef = 26EFE30DB0C946C4B62728A9 /* UIKit.framework */; };
		293B10910E57422198ED07D5 /* CDVDevice.m in Sources */ = {isa = PBXBuildFile; fileRef = 780D0226C0AC442499F7DC7D /* CDVDevice.m */; };
		2B58775B2566475597D9C80A /* AdSupport.framework in Frameworks */ = {isa = PBXBuildFile; fileRef = 98EA91C3585440A5A3BBEF54 /* AdSupport.framework */; };
		301BF552109A68D80062928A /* libCordova.a in Frameworks */ = {isa = PBXBuildFile; fileRef = 301BF535109A57CC0062928A /* libCordova.a */; };
		302D95F114D2391D003F00A1 /* MainViewController.m in Sources */ = {isa = PBXBuildFile; fileRef = 302D95EF14D2391D003F00A1 /* MainViewController.m */; };
		302D95F214D2391D003F00A1 /* MainViewController.xib in Resources */ = {isa = PBXBuildFile; fileRef = 302D95F014D2391D003F00A1 /* MainViewController.xib */; };
		3C5FAB1F01B74D35A650B678 /* libCordovaGenericAd.a in Frameworks */ = {isa = PBXBuildFile; fileRef = 8704C7AC85C341CEB106535B /* libCordovaGenericAd.a */; };
		3CE27DF352A245FEA138008D /* CoreBluetooth.framework in Frameworks */ = {isa = PBXBuildFile; fileRef = 6F6D24C33F9F46519580B1CC /* CoreBluetooth.framework */; };
		3DD57F1FD6614A01ABC21643 /* CoreLocation.framework in Frameworks */ = {isa = PBXBuildFile; fileRef = BFFCB3B3C4674BCEB2AB35CD /* CoreLocation.framework */; };
		41B82500B92142EA8084C1D4 /* EventKitUI.framework in Frameworks */ = {isa = PBXBuildFile; fileRef = CF1E99863E264B34804B5D83 /* EventKitUI.framework */; };
		51BDCB890FD5474390C1338C /* MediaPlayer.framework in Frameworks */ = {isa = PBXBuildFile; fileRef = 373E852EF2984D17A4743A4E /* MediaPlayer.framework */; };
		51EF83F7806242FBB4C4F9C4 /* EventKit.framework in Frameworks */ = {isa = PBXBuildFile; fileRef = D0836B550EEA47C0986D77B1 /* EventKit.framework */; };
		569A00C45B89472CAF01F116 /* CDVPluginExt.m in Sources */ = {isa = PBXBuildFile; fileRef = 36C5796F837F4C0488E38385 /* CDVPluginExt.m */; };
		5B68426EA98342BCAD70F24B /* GLKit.framework in Frameworks */ = {isa = PBXBuildFile; fileRef = 0CA68EC4F7564C91BAD8B27F /* GLKit.framework */; };
		5D3157FD6D7E43648E67DA6E /* AudioToolbox.framework in Frameworks */ = {isa = PBXBuildFile; fileRef = 5E17183B5FDC4CE29DC9A409 /* AudioToolbox.framework */; };
		5DDAF51374E44FC18DA79FCB /* CDVAdMobPlugin.m in Sources */ = {isa = PBXBuildFile; fileRef = 192072B9CB6144C29BDC0AC5 /* CDVAdMobPlugin.m */; };
		62FCCBE04F0742E7ACFB7818 /* NSString+URLEncoding.m in Sources */ = {isa = PBXBuildFile; fileRef = 0D2E0697209147808AA84866 /* NSString+URLEncoding.m */; };
		680E24D9446F463E84BB3A6C /* AdMobMediation.m in Sources */ = {isa = PBXBuildFile; fileRef = BE5F14206ED24677A5527FD4 /* AdMobMediation.m */; };
		6A3FD0C00B8A4A52B89F5C22 /* Social.framework in Frameworks */ = {isa = PBXBuildFile; fileRef = 1FABE65D803A464C98CC416E /* Social.framework */; settings = {ATTRIBUTES = (Weak, ); }; };
		6AD51EA1959B443DA209ABDA /* CoreMedia.framework in Frameworks */ = {isa = PBXBuildFile; fileRef = 8C2FCD95AEC04F3199D563C0 /* CoreMedia.framework */; };
		6AFF5BF91D6E424B00AB3073 /* CDVLaunchScreen.storyboard in Resources */ = {isa = PBXBuildFile; fileRef = 6AFF5BF81D6E424B00AB3073 /* CDVLaunchScreen.storyboard */; };
		7FF8E78711D547BD8FA682CB /* CFNetwork.framework in Frameworks */ = {isa = PBXBuildFile; fileRef = 0EC45F11FDC341629495CCF2 /* CFNetwork.framework */; };
		8D735202E82B4721B38617D6 /* CoreTelephony.framework in Frameworks */ = {isa = PBXBuildFile; fileRef = F8D72DFE87234BA0A7307E14 /* CoreTelephony.framework */; };
		93815BAB1AD04DCF81385960 /* CDVSplashScreen.m in Sources */ = {isa = PBXBuildFile; fileRef = C0DC634588C940949D1C2812 /* CDVSplashScreen.m */; };
		AEDF09F1CE8B464FB3E3FA9C /* StoreKit.framework in Frameworks */ = {isa = PBXBuildFile; fileRef = F6D2B9CF67E941A09824A30E /* StoreKit.framework */; };
		B943530C2BC64CE0907A4DFF /* SystemConfiguration.framework in Frameworks */ = {isa = PBXBuildFile; fileRef = A446FDBCA042404BAA1097BF /* SystemConfiguration.framework */; };
		C68406E31DEC41B0A66F570C /* CDVViewController+SplashScreen.m in Sources */ = {isa = PBXBuildFile; fileRef = 83F3BA4943C34DDE8B2408AC /* CDVViewController+SplashScreen.m */; };
		CBB10A7C30814A85B79C2F9E /* OpenGLES.framework in Frameworks */ = {isa = PBXBuildFile; fileRef = 148B9263858548CDB0DFDCB3 /* OpenGLES.framework */; };
		CEF134B2A54649768905C00F /* CoreVideo.framework in Frameworks */ = {isa = PBXBuildFile; fileRef = A6866D14E871487DA99DA6F4 /* CoreVideo.framework */; };
		D1A3CAB5538F40E286355466 /* GoogleMobileAds.framework in Frameworks */ = {isa = PBXBuildFile; fileRef = 19918C7088954264AE4C772D /* GoogleMobileAds.framework */; };
		DCA6DA83AD3545CDAD90869F /* MessageUI.framework in Frameworks */ = {isa = PBXBuildFile; fileRef = A211F383574447859E17172B /* MessageUI.framework */; };
		DFB4DB8C92AF49BE8EF0F514 /* SafariServices.framework in Frameworks */ = {isa = PBXBuildFile; fileRef = 8B0CE50C70EE4F73A28FC6AC /* SafariServices.framework */; };
		E6D9305116FF4FF088A91663 /* CoreMotion.framework in Frameworks */ = {isa = PBXBuildFile; fileRef = 032F6D165F6B43D290CC8E63 /* CoreMotion.framework */; };
		F2FD8DB0B293405EBC40A1AC /* SocialSharing.m in Sources */ = {isa = PBXBuildFile; fileRef = F6F05C9AEFFE4AB69B7C6082 /* SocialSharing.m */; };
		FF06D893823A4B9AA2B600AF /* CDVLogger.m in Sources */ = {isa = PBXBuildFile; fileRef = 403CE04BEA0F49BDA966221D /* CDVLogger.m */; };
		FF5B1A3BC5764B11A4B66AE6 /* AVFoundation.framework in Frameworks */ = {isa = PBXBuildFile; fileRef = 5146D9CE38924D02B1C23645 /* AVFoundation.framework */; };
		55DFFDD0219847F49884F93C /* UniversalAnalyticsPlugin.m in Sources */ = {isa = PBXBuildFile; fileRef = 85962163220D487682B3A402 /* UniversalAnalyticsPlugin.m */; };
		6E6A23049B8F4C6FBB042008 /* libGoogleAnalyticsServices.a in Frameworks */ = {isa = PBXBuildFile; fileRef = 5BA31D80944D48A9BD973A3A /* libGoogleAnalyticsServices.a */; };
		44FBA6EDF8D549EEA39BC31F /* libAdIdAccess.a in Frameworks */ = {isa = PBXBuildFile; fileRef = 9AB1B3C025B6470DBFB12787 /* libAdIdAccess.a */; };
		4BBEB5355179435791C17845 /* CoreData.framework in Frameworks */ = {isa = PBXBuildFile; fileRef = DC6ABDF9DD6F403B9FB020C6 /* CoreData.framework */; };
		6B831CC68CF2456C9999593E /* libz.dylib in Frameworks */ = {isa = PBXBuildFile; fileRef = 21FD68403F5543CAA637E81A /* libz.dylib */; };
		CB2DE3EB946A464C8198534E /* libsqlite3.dylib in Frameworks */ = {isa = PBXBuildFile; fileRef = 71C49B2643304CA0A4C9EECD /* libsqlite3.dylib */; };
		3DDD159BF01B4F2EB8F171DF /* CDVInAppBrowser.m in Sources */ = {isa = PBXBuildFile; fileRef = 3346D8FD9F4E4DE88C581644 /* CDVInAppBrowser.m */; };
/* End PBXBuildFile section */

/* Begin PBXContainerItemProxy section */
		301BF534109A57CC0062928A /* PBXContainerItemProxy */ = {
			isa = PBXContainerItemProxy;
			containerPortal = 301BF52D109A57CC0062928A /* CordovaLib.xcodeproj */;
			proxyType = 2;
			remoteGlobalIDString = D2AAC07E0554694100DB518D;
			remoteInfo = CordovaLib;
		};
		301BF550109A68C00062928A /* PBXContainerItemProxy */ = {
			isa = PBXContainerItemProxy;
			containerPortal = 301BF52D109A57CC0062928A /* CordovaLib.xcodeproj */;
			proxyType = 1;
			remoteGlobalIDString = D2AAC07D0554694100DB518D;
			remoteInfo = CordovaLib;
		};
/* End PBXContainerItemProxy section */

/* Begin PBXFileReference section */
		0207DA571B56EA530066E2B4 /* Images.xcassets */ = {isa = PBXFileReference; lastKnownFileType = folder.assetcatalog; name = Images.xcassets; path = TextTV.nu/Images.xcassets; sourceTree = SOURCE_ROOT; };
		032F6D165F6B43D290CC8E63 /* CoreMotion.framework */ = {isa = PBXFileReference; explicitFileType = undefined; fileEncoding = 9; includeInIndex = 0; lastKnownFileType = wrapper.framework; name = CoreMotion.framework; path = System/Library/Frameworks/CoreMotion.framework; sourceTree = SDKROOT; };
		0CA68EC4F7564C91BAD8B27F /* GLKit.framework */ = {isa = PBXFileReference; explicitFileType = undefined; fileEncoding = 9; includeInIndex = 0; lastKnownFileType = wrapper.framework; name = GLKit.framework; path = System/Library/Frameworks/GLKit.framework; sourceTree = SDKROOT; };
		0D2E0697209147808AA84866 /* NSString+URLEncoding.m */ = {isa = PBXFileReference; explicitFileType = undefined; fileEncoding = 4; includeInIndex = 0; lastKnownFileType = sourcecode.c.objc; name = "NSString+URLEncoding.m"; path = "cordova-plugin-x-socialsharing/NSString+URLEncoding.m"; sourceTree = "<group>"; };
		0EC45F11FDC341629495CCF2 /* CFNetwork.framework */ = {isa = PBXFileReference; explicitFileType = undefined; fileEncoding = 9; includeInIndex = 0; lastKnownFileType = wrapper.framework; name = CFNetwork.framework; path = System/Library/Frameworks/CFNetwork.framework; sourceTree = SDKROOT; };
		148B9263858548CDB0DFDCB3 /* OpenGLES.framework */ = {isa = PBXFileReference; explicitFileType = undefined; fileEncoding = 9; includeInIndex = 0; lastKnownFileType = wrapper.framework; name = OpenGLES.framework; path = System/Library/Frameworks/OpenGLES.framework; sourceTree = SDKROOT; };
		16165CD73D8E49E19C7A2378 /* CDVPluginExt.h */ = {isa = PBXFileReference; explicitFileType = undefined; fileEncoding = 4; includeInIndex = 0; lastKnownFileType = sourcecode.c.h; name = CDVPluginExt.h; path = "cordova-plugin-extension/CDVPluginExt.h"; sourceTree = "<group>"; };
		192072B9CB6144C29BDC0AC5 /* CDVAdMobPlugin.m */ = {isa = PBXFileReference; explicitFileType = undefined; fileEncoding = 4; includeInIndex = 0; lastKnownFileType = sourcecode.c.objc; name = CDVAdMobPlugin.m; path = "cordova-plugin-admobpro/CDVAdMobPlugin.m"; sourceTree = "<group>"; };
		19918C7088954264AE4C772D /* GoogleMobileAds.framework */ = {isa = PBXFileReference; explicitFileType = undefined; fileEncoding = 9; includeInIndex = 0; lastKnownFileType = wrapper.framework; name = GoogleMobileAds.framework; path = "TextTV.nu/Plugins/cordova-plugin-admobpro/GoogleMobileAds.framework"; sourceTree = "<group>"; };
		1D3623240D0F684500981E51 /* AppDelegate.h */ = {isa = PBXFileReference; fileEncoding = 4; lastKnownFileType = sourcecode.c.h; path = AppDelegate.h; sourceTree = "<group>"; };
		1D3623250D0F684500981E51 /* AppDelegate.m */ = {isa = PBXFileReference; fileEncoding = 4; lastKnownFileType = sourcecode.c.objc; path = AppDelegate.m; sourceTree = "<group>"; };
		1D6058910D05DD3D006BFB54 /* TextTV.nu.app */ = {isa = PBXFileReference; explicitFileType = wrapper.application; includeInIndex = 0; path = TextTV.nu.app; sourceTree = BUILT_PRODUCTS_DIR; };
		1FABE65D803A464C98CC416E /* Social.framework */ = {isa = PBXFileReference; explicitFileType = undefined; fileEncoding = 9; includeInIndex = 0; lastKnownFileType = wrapper.framework; name = Social.framework; path = System/Library/Frameworks/Social.framework; sourceTree = SDKROOT; };
		26EFE30DB0C946C4B62728A9 /* UIKit.framework */ = {isa = PBXFileReference; explicitFileType = undefined; fileEncoding = 9; includeInIndex = 0; lastKnownFileType = wrapper.framework; name = UIKit.framework; path = System/Library/Frameworks/UIKit.framework; sourceTree = SDKROOT; };
		29B97316FDCFA39411CA2CEA /* main.m */ = {isa = PBXFileReference; fileEncoding = 4; lastKnownFileType = sourcecode.c.objc; path = main.m; sourceTree = "<group>"; };
		2DE72CEC89EB401289B269BE /* CDVDevice.h */ = {isa = PBXFileReference; explicitFileType = undefined; fileEncoding = 4; includeInIndex = 0; lastKnownFileType = sourcecode.c.h; name = CDVDevice.h; path = "cordova-plugin-device/CDVDevice.h"; sourceTree = "<group>"; };
		301BF52D109A57CC0062928A /* CordovaLib.xcodeproj */ = {isa = PBXFileReference; lastKnownFileType = "wrapper.pb-project"; name = CordovaLib.xcodeproj; path = CordovaLib/CordovaLib.xcodeproj; sourceTree = "<group>"; };
		301BF56E109A69640062928A /* www */ = {isa = PBXFileReference; lastKnownFileType = folder; path = www; sourceTree = SOURCE_ROOT; };
		302D95EE14D2391D003F00A1 /* MainViewController.h */ = {isa = PBXFileReference; fileEncoding = 4; lastKnownFileType = sourcecode.c.h; path = MainViewController.h; sourceTree = "<group>"; };
		302D95EF14D2391D003F00A1 /* MainViewController.m */ = {isa = PBXFileReference; fileEncoding = 4; lastKnownFileType = sourcecode.c.objc; path = MainViewController.m; sourceTree = "<group>"; };
		302D95F014D2391D003F00A1 /* MainViewController.xib */ = {isa = PBXFileReference; fileEncoding = 4; lastKnownFileType = file.xib; path = MainViewController.xib; sourceTree = "<group>"; };
		3047A50F1AB8059700498E2A /* build-debug.xcconfig */ = {isa = PBXFileReference; fileEncoding = 4; lastKnownFileType = text.xcconfig; name = "build-debug.xcconfig"; path = "cordova/build-debug.xcconfig"; sourceTree = SOURCE_ROOT; };
		3047A5101AB8059700498E2A /* build-release.xcconfig */ = {isa = PBXFileReference; fileEncoding = 4; lastKnownFileType = text.xcconfig; name = "build-release.xcconfig"; path = "cordova/build-release.xcconfig"; sourceTree = SOURCE_ROOT; };
		3047A5111AB8059700498E2A /* build.xcconfig */ = {isa = PBXFileReference; fileEncoding = 4; lastKnownFileType = text.xcconfig; name = build.xcconfig; path = cordova/build.xcconfig; sourceTree = SOURCE_ROOT; };
		32CA4F630368D1EE00C91783 /* TextTV.nu-Prefix.pch */ = {isa = PBXFileReference; fileEncoding = 4; lastKnownFileType = sourcecode.c.h; path = "TextTV.nu-Prefix.pch"; sourceTree = "<group>"; };
		36C5796F837F4C0488E38385 /* CDVPluginExt.m */ = {isa = PBXFileReference; explicitFileType = undefined; fileEncoding = 4; includeInIndex = 0; lastKnownFileType = sourcecode.c.objc; name = CDVPluginExt.m; path = "cordova-plugin-extension/CDVPluginExt.m"; sourceTree = "<group>"; };
		373E852EF2984D17A4743A4E /* MediaPlayer.framework */ = {isa = PBXFileReference; explicitFileType = undefined; fileEncoding = 9; includeInIndex = 0; lastKnownFileType = wrapper.framework; name = MediaPlayer.framework; path = System/Library/Frameworks/MediaPlayer.framework; sourceTree = SDKROOT; };
		403CE04BEA0F49BDA966221D /* CDVLogger.m */ = {isa = PBXFileReference; explicitFileType = undefined; fileEncoding = 4; includeInIndex = 0; lastKnownFileType = sourcecode.c.objc; name = CDVLogger.m; path = "cordova-plugin-console/CDVLogger.m"; sourceTree = "<group>"; };
		45DEC47D27324D20A1537A2A /* PluginAdapterDelegate.h */ = {isa = PBXFileReference; explicitFileType = undefined; fileEncoding = 4; includeInIndex = 0; lastKnownFileType = sourcecode.c.h; name = PluginAdapterDelegate.h; path = "cordova-plugin-extension/PluginAdapterDelegate.h"; sourceTree = "<group>"; };
		5146D9CE38924D02B1C23645 /* AVFoundation.framework */ = {isa = PBXFileReference; explicitFileType = undefined; fileEncoding = 9; includeInIndex = 0; lastKnownFileType = wrapper.framework; name = AVFoundation.framework; path = System/Library/Frameworks/AVFoundation.framework; sourceTree = SDKROOT; };
		5C50816B5812430DBBA8C12E /* CDVSplashScreen.h */ = {isa = PBXFileReference; explicitFileType = undefined; fileEncoding = 4; includeInIndex = 0; lastKnownFileType = sourcecode.c.h; name = CDVSplashScreen.h; path = "cordova-plugin-splashscreen/CDVSplashScreen.h"; sourceTree = "<group>"; };
		5E17183B5FDC4CE29DC9A409 /* AudioToolbox.framework */ = {isa = PBXFileReference; explicitFileType = undefined; fileEncoding = 9; includeInIndex = 0; lastKnownFileType = wrapper.framework; name = AudioToolbox.framework; path = System/Library/Frameworks/AudioToolbox.framework; sourceTree = SDKROOT; };
		6A14ED938D7748BBBD69EE47 /* NSString+URLEncoding.h */ = {isa = PBXFileReference; explicitFileType = undefined; fileEncoding = 4; includeInIndex = 0; lastKnownFileType = sourcecode.c.h; name = "NSString+URLEncoding.h"; path = "cordova-plugin-x-socialsharing/NSString+URLEncoding.h"; sourceTree = "<group>"; };
		6AFF5BF81D6E424B00AB3073 /* CDVLaunchScreen.storyboard */ = {isa = PBXFileReference; fileEncoding = 4; lastKnownFileType = file.storyboard; name = CDVLaunchScreen.storyboard; path = TextTV.nu/CDVLaunchScreen.storyboard; sourceTree = SOURCE_ROOT; };
		6F6D24C33F9F46519580B1CC /* CoreBluetooth.framework */ = {isa = PBXFileReference; explicitFileType = undefined; fileEncoding = 9; includeInIndex = 0; lastKnownFileType = wrapper.framework; name = CoreBluetooth.framework; path = System/Library/Frameworks/CoreBluetooth.framework; sourceTree = SDKROOT; };
		780D0226C0AC442499F7DC7D /* CDVDevice.m */ = {isa = PBXFileReference; explicitFileType = undefined; fileEncoding = 4; includeInIndex = 0; lastKnownFileType = sourcecode.c.objc; name = CDVDevice.m; path = "cordova-plugin-device/CDVDevice.m"; sourceTree = "<group>"; };
		7B42B55776F149A3BC979D05 /* AdMobMediation.h */ = {isa = PBXFileReference; explicitFileType = undefined; fileEncoding = 4; includeInIndex = 0; lastKnownFileType = sourcecode.c.h; name = AdMobMediation.h; path = "cordova-plugin-admobpro/AdMobMediation.h"; sourceTree = "<group>"; };
		7D27D7AEDAA340BCAFE191CC /* GenericAdPlugin.h */ = {isa = PBXFileReference; explicitFileType = undefined; fileEncoding = 4; includeInIndex = 0; lastKnownFileType = sourcecode.c.h; name = GenericAdPlugin.h; path = "cordova-plugin-extension/GenericAdPlugin.h"; sourceTree = "<group>"; };
		83F3BA4943C34DDE8B2408AC /* CDVViewController+SplashScreen.m */ = {isa = PBXFileReference; explicitFileType = undefined; fileEncoding = 4; includeInIndex = 0; lastKnownFileType = sourcecode.c.objc; name = "CDVViewController+SplashScreen.m"; path = "cordova-plugin-splashscreen/CDVViewController+SplashScreen.m"; sourceTree = "<group>"; };
		8704C7AC85C341CEB106535B /* libCordovaGenericAd.a */ = {isa = PBXFileReference; explicitFileType = undefined; fileEncoding = 9; includeInIndex = 0; lastKnownFileType = archive.ar; name = libCordovaGenericAd.a; path = "TextTV.nu/Plugins/cordova-plugin-extension/libCordovaGenericAd.a"; sourceTree = "<group>"; };
		8B0CE50C70EE4F73A28FC6AC /* SafariServices.framework */ = {isa = PBXFileReference; explicitFileType = undefined; fileEncoding = 9; includeInIndex = 0; lastKnownFileType = wrapper.framework; name = SafariServices.framework; path = System/Library/Frameworks/SafariServices.framework; sourceTree = SDKROOT; };
		8C2FCD95AEC04F3199D563C0 /* CoreMedia.framework */ = {isa = PBXFileReference; explicitFileType = undefined; fileEncoding = 9; includeInIndex = 0; lastKnownFileType = wrapper.framework; name = CoreMedia.framework; path = System/Library/Frameworks/CoreMedia.framework; sourceTree = SDKROOT; };
		8D1107310486CEB800E47090 /* TextTV.nu-Info.plist */ = {isa = PBXFileReference; fileEncoding = 4; lastKnownFileType = text.plist.xml; name = "TextTV.nu-Info.plist"; path = "TextTV.nu/TextTV.nu-Info.plist"; plistStructureDefinitionIdentifier = "com.apple.xcode.plist.structure-definition.iphone.info-plist"; sourceTree = SOURCE_ROOT; };
		98EA91C3585440A5A3BBEF54 /* AdSupport.framework */ = {isa = PBXFileReference; explicitFileType = undefined; fileEncoding = 9; includeInIndex = 0; lastKnownFileType = wrapper.framework; name = AdSupport.framework; path = System/Library/Frameworks/AdSupport.framework; sourceTree = SDKROOT; };
		9D1C0D31E54C45F78125EDB2 /* CDVStatusBar.m */ = {isa = PBXFileReference; explicitFileType = undefined; fileEncoding = 4; includeInIndex = 0; lastKnownFileType = sourcecode.c.objc; name = CDVStatusBar.m; path = "cordova-plugin-statusbar/CDVStatusBar.m"; sourceTree = "<group>"; };
		A211F383574447859E17172B /* MessageUI.framework */ = {isa = PBXFileReference; explicitFileType = undefined; fileEncoding = 9; includeInIndex = 0; lastKnownFileType = wrapper.framework; name = MessageUI.framework; path = System/Library/Frameworks/MessageUI.framework; sourceTree = SDKROOT; };
		A446FDBCA042404BAA1097BF /* SystemConfiguration.framework */ = {isa = PBXFileReference; explicitFileType = undefined; fileEncoding = 9; includeInIndex = 0; lastKnownFileType = wrapper.framework; name = SystemConfiguration.framework; path = System/Library/Frameworks/SystemConfiguration.framework; sourceTree = SDKROOT; };
		A6866D14E871487DA99DA6F4 /* CoreVideo.framework */ = {isa = PBXFileReference; explicitFileType = undefined; fileEncoding = 9; includeInIndex = 0; lastKnownFileType = wrapper.framework; name = CoreVideo.framework; path = System/Library/Frameworks/CoreVideo.framework; sourceTree = SDKROOT; };
		A8C620029A504F4A8BE7F2B9 /* CDVStatusBar.h */ = {isa = PBXFileReference; explicitFileType = undefined; fileEncoding = 4; includeInIndex = 0; lastKnownFileType = sourcecode.c.h; name = CDVStatusBar.h; path = "cordova-plugin-statusbar/CDVStatusBar.h"; sourceTree = "<group>"; };
		B63F08201F764FBF9DB7EF94 /* SocialSharing.h */ = {isa = PBXFileReference; explicitFileType = undefined; fileEncoding = 4; includeInIndex = 0; lastKnownFileType = sourcecode.c.h; name = SocialSharing.h; path = "cordova-plugin-x-socialsharing/SocialSharing.h"; sourceTree = "<group>"; };
		BDCF8A5E03C7403D82E6A295 /* CDVLogger.h */ = {isa = PBXFileReference; explicitFileType = undefined; fileEncoding = 4; includeInIndex = 0; lastKnownFileType = sourcecode.c.h; name = CDVLogger.h; path = "cordova-plugin-console/CDVLogger.h"; sourceTree = "<group>"; };
		BE5F14206ED24677A5527FD4 /* AdMobMediation.m */ = {isa = PBXFileReference; explicitFileType = undefined; fileEncoding = 4; includeInIndex = 0; lastKnownFileType = sourcecode.c.objc; name = AdMobMediation.m; path = "cordova-plugin-admobpro/AdMobMediation.m"; sourceTree = "<group>"; };
		BFFCB3B3C4674BCEB2AB35CD /* CoreLocation.framework */ = {isa = PBXFileReference; explicitFileType = undefined; fileEncoding = 9; includeInIndex = 0; lastKnownFileType = wrapper.framework; name = CoreLocation.framework; path = System/Library/Frameworks/CoreLocation.framework; sourceTree = SDKROOT; };
		C0DC634588C940949D1C2812 /* CDVSplashScreen.m */ = {isa = PBXFileReference; explicitFileType = undefined; fileEncoding = 4; includeInIndex = 0; lastKnownFileType = sourcecode.c.objc; name = CDVSplashScreen.m; path = "cordova-plugin-splashscreen/CDVSplashScreen.m"; sourceTree = "<group>"; };
		C2718588E01C49BD835D1510 /* Foundation.framework */ = {isa = PBXFileReference; explicitFileType = undefined; fileEncoding = 9; includeInIndex = 0; lastKnownFileType = wrapper.framework; name = Foundation.framework; path = System/Library/Frameworks/Foundation.framework; sourceTree = SDKROOT; };
		C398E724FF47402FB9AA34FF /* CDVAdMobPlugin.h */ = {isa = PBXFileReference; explicitFileType = undefined; fileEncoding = 4; includeInIndex = 0; lastKnownFileType = sourcecode.c.h; name = CDVAdMobPlugin.h; path = "cordova-plugin-admobpro/CDVAdMobPlugin.h"; sourceTree = "<group>"; };
		CF1E99863E264B34804B5D83 /* EventKitUI.framework */ = {isa = PBXFileReference; explicitFileType = undefined; fileEncoding = 9; includeInIndex = 0; lastKnownFileType = wrapper.framework; name = EventKitUI.framework; path = System/Library/Frameworks/EventKitUI.framework; sourceTree = SDKROOT; };
		D0836B550EEA47C0986D77B1 /* EventKit.framework */ = {isa = PBXFileReference; explicitFileType = undefined; fileEncoding = 9; includeInIndex = 0; lastKnownFileType = wrapper.framework; name = EventKit.framework; path = System/Library/Frameworks/EventKit.framework; sourceTree = SDKROOT; };
		E903A4E81D6A4EC5B4D7FD01 /* CDVViewController+SplashScreen.h */ = {isa = PBXFileReference; explicitFileType = undefined; fileEncoding = 4; includeInIndex = 0; lastKnownFileType = sourcecode.c.h; name = "CDVViewController+SplashScreen.h"; path = "cordova-plugin-splashscreen/CDVViewController+SplashScreen.h"; sourceTree = "<group>"; };
		EB87FDF31871DA8E0020F90C /* www */ = {isa = PBXFileReference; lastKnownFileType = folder; name = www; path = ../../www; sourceTree = "<group>"; };
		EB87FDF41871DAF40020F90C /* config.xml */ = {isa = PBXFileReference; lastKnownFileType = text.xml; name = config.xml; path = ../../config.xml; sourceTree = "<group>"; };
		ED33DF2A687741AEAF9F8254 /* Bridging-Header.h */ = {isa = PBXFileReference; fileEncoding = 4; lastKnownFileType = sourcecode.c.h; path = "Bridging-Header.h"; sourceTree = "<group>"; };
		F6D2B9CF67E941A09824A30E /* StoreKit.framework */ = {isa = PBXFileReference; explicitFileType = undefined; fileEncoding = 9; includeInIndex = 0; lastKnownFileType = wrapper.framework; name = StoreKit.framework; path = System/Library/Frameworks/StoreKit.framework; sourceTree = SDKROOT; };
		F6F05C9AEFFE4AB69B7C6082 /* SocialSharing.m */ = {isa = PBXFileReference; explicitFileType = undefined; fileEncoding = 4; includeInIndex = 0; lastKnownFileType = sourcecode.c.objc; name = SocialSharing.m; path = "cordova-plugin-x-socialsharing/SocialSharing.m"; sourceTree = "<group>"; };
		F840E1F0165FE0F500CFE078 /* config.xml */ = {isa = PBXFileReference; lastKnownFileType = text.xml; name = config.xml; path = TextTV.nu/config.xml; sourceTree = "<group>"; };
		F8D72DFE87234BA0A7307E14 /* CoreTelephony.framework */ = {isa = PBXFileReference; explicitFileType = undefined; fileEncoding = 9; includeInIndex = 0; lastKnownFileType = wrapper.framework; name = CoreTelephony.framework; path = System/Library/Frameworks/CoreTelephony.framework; sourceTree = SDKROOT; };
		85962163220D487682B3A402 /* UniversalAnalyticsPlugin.m */ = {isa = PBXFileReference; name = "UniversalAnalyticsPlugin.m"; path = "cordova-plugin-google-analytics/UniversalAnalyticsPlugin.m"; sourceTree = "<group>"; fileEncoding = 4; lastKnownFileType = sourcecode.c.objc; explicitFileType = undefined; includeInIndex = 0; };
		5BA31D80944D48A9BD973A3A /* libGoogleAnalyticsServices.a */ = {isa = PBXFileReference; name = "libGoogleAnalyticsServices.a"; path = "TextTV.nu/Plugins/cordova-plugin-google-analytics/libGoogleAnalyticsServices.a"; sourceTree = "<group>"; fileEncoding = undefined; lastKnownFileType = archive.ar; explicitFileType = undefined; includeInIndex = 0; };
		9AB1B3C025B6470DBFB12787 /* libAdIdAccess.a */ = {isa = PBXFileReference; name = "libAdIdAccess.a"; path = "TextTV.nu/Plugins/cordova-plugin-google-analytics/libAdIdAccess.a"; sourceTree = "<group>"; fileEncoding = undefined; lastKnownFileType = archive.ar; explicitFileType = undefined; includeInIndex = 0; };
		2569477399F240D498CEA33A /* UniversalAnalyticsPlugin.h */ = {isa = PBXFileReference; name = "UniversalAnalyticsPlugin.h"; path = "cordova-plugin-google-analytics/UniversalAnalyticsPlugin.h"; sourceTree = "<group>"; fileEncoding = 4; lastKnownFileType = sourcecode.c.h; explicitFileType = undefined; includeInIndex = 0; };
		B50147E84FDD48DD880C9B51 /* GAIDictionaryBuilder.h */ = {isa = PBXFileReference; name = "GAIDictionaryBuilder.h"; path = "cordova-plugin-google-analytics/GAIDictionaryBuilder.h"; sourceTree = "<group>"; fileEncoding = 4; lastKnownFileType = sourcecode.c.h; explicitFileType = undefined; includeInIndex = 0; };
		EAB8D8634C44478781A6D535 /* GAIFields.h */ = {isa = PBXFileReference; name = "GAIFields.h"; path = "cordova-plugin-google-analytics/GAIFields.h"; sourceTree = "<group>"; fileEncoding = 4; lastKnownFileType = sourcecode.c.h; explicitFileType = undefined; includeInIndex = 0; };
		FF0A6A7B5AA549658533878D /* GAILogger.h */ = {isa = PBXFileReference; name = "GAILogger.h"; path = "cordova-plugin-google-analytics/GAILogger.h"; sourceTree = "<group>"; fileEncoding = 4; lastKnownFileType = sourcecode.c.h; explicitFileType = undefined; includeInIndex = 0; };
		04F83157D5904785BE9A9A35 /* GAITrackedViewController.h */ = {isa = PBXFileReference; name = "GAITrackedViewController.h"; path = "cordova-plugin-google-analytics/GAITrackedViewController.h"; sourceTree = "<group>"; fileEncoding = 4; lastKnownFileType = sourcecode.c.h; explicitFileType = undefined; includeInIndex = 0; };
		231CCAFE60754572A2777787 /* GAI.h */ = {isa = PBXFileReference; name = "GAI.h"; path = "cordova-plugin-google-analytics/GAI.h"; sourceTree = "<group>"; fileEncoding = 4; lastKnownFileType = sourcecode.c.h; explicitFileType = undefined; includeInIndex = 0; };
		A38250A569314D60ABEBE0DA /* GAITracker.h */ = {isa = PBXFileReference; name = "GAITracker.h"; path = "cordova-plugin-google-analytics/GAITracker.h"; sourceTree = "<group>"; fileEncoding = 4; lastKnownFileType = sourcecode.c.h; explicitFileType = undefined; includeInIndex = 0; };
		51F9A9618AF44CBA89BFCEC3 /* GAIEcommerceFields.h */ = {isa = PBXFileReference; name = "GAIEcommerceFields.h"; path = "cordova-plugin-google-analytics/GAIEcommerceFields.h"; sourceTree = "<group>"; fileEncoding = 4; lastKnownFileType = sourcecode.c.h; explicitFileType = undefined; includeInIndex = 0; };
		E7657C094B3B4F2884257D83 /* GAIEcommerceProduct.h */ = {isa = PBXFileReference; name = "GAIEcommerceProduct.h"; path = "cordova-plugin-google-analytics/GAIEcommerceProduct.h"; sourceTree = "<group>"; fileEncoding = 4; lastKnownFileType = sourcecode.c.h; explicitFileType = undefined; includeInIndex = 0; };
		B18917346FFF4388860D120C /* GAIEcommerceProductAction.h */ = {isa = PBXFileReference; name = "GAIEcommerceProductAction.h"; path = "cordova-plugin-google-analytics/GAIEcommerceProductAction.h"; sourceTree = "<group>"; fileEncoding = 4; lastKnownFileType = sourcecode.c.h; explicitFileType = undefined; includeInIndex = 0; };
		8450BBDFA8144115881ED1F2 /* GAIEcommercePromotion.h */ = {isa = PBXFileReference; name = "GAIEcommercePromotion.h"; path = "cordova-plugin-google-analytics/GAIEcommercePromotion.h"; sourceTree = "<group>"; fileEncoding = 4; lastKnownFileType = sourcecode.c.h; explicitFileType = undefined; includeInIndex = 0; };
		DC6ABDF9DD6F403B9FB020C6 /* CoreData.framework */ = {isa = PBXFileReference; name = "CoreData.framework"; path = "System/Library/Frameworks/CoreData.framework"; sourceTree = SDKROOT; fileEncoding = undefined; lastKnownFileType = wrapper.framework; explicitFileType = undefined; includeInIndex = 0; };
		21FD68403F5543CAA637E81A /* libz.dylib */ = {isa = PBXFileReference; name = "libz.dylib"; path = "usr/lib/libz.dylib"; sourceTree = SDKROOT; fileEncoding = undefined; lastKnownFileType = compiled.mach-o.dylib; explicitFileType = undefined; includeInIndex = 0; };
		71C49B2643304CA0A4C9EECD /* libsqlite3.dylib */ = {isa = PBXFileReference; name = "libsqlite3.dylib"; path = "usr/lib/libsqlite3.dylib"; sourceTree = SDKROOT; fileEncoding = undefined; lastKnownFileType = compiled.mach-o.dylib; explicitFileType = undefined; includeInIndex = 0; };
		3346D8FD9F4E4DE88C581644 /* CDVInAppBrowser.m */ = {isa = PBXFileReference; name = "CDVInAppBrowser.m"; path = "cordova-plugin-inappbrowser/CDVInAppBrowser.m"; sourceTree = "<group>"; fileEncoding = 4; lastKnownFileType = sourcecode.c.objc; explicitFileType = undefined; includeInIndex = 0; };
		D2DB1BBF5E984E16A1F4A24F /* CDVInAppBrowser.h */ = {isa = PBXFileReference; name = "CDVInAppBrowser.h"; path = "cordova-plugin-inappbrowser/CDVInAppBrowser.h"; sourceTree = "<group>"; fileEncoding = 4; lastKnownFileType = sourcecode.c.h; explicitFileType = undefined; includeInIndex = 0; };
/* End PBXFileReference section */

/* Begin PBXFrameworksBuildPhase section */
		1D60588F0D05DD3D006BFB54 /* Frameworks */ = {
			isa = PBXFrameworksBuildPhase;
			buildActionMask = 2147483647;
			files = (
				301BF552109A68D80062928A /* libCordova.a in Frameworks */,
				DCA6DA83AD3545CDAD90869F /* MessageUI.framework in Frameworks */,
				B943530C2BC64CE0907A4DFF /* SystemConfiguration.framework in Frameworks */,
				6A3FD0C00B8A4A52B89F5C22 /* Social.framework in Frameworks */,
				3C5FAB1F01B74D35A650B678 /* libCordovaGenericAd.a in Frameworks */,
				7FF8E78711D547BD8FA682CB /* CFNetwork.framework in Frameworks */,
				D1A3CAB5538F40E286355466 /* GoogleMobileAds.framework in Frameworks */,
				2B58775B2566475597D9C80A /* AdSupport.framework in Frameworks */,
				5D3157FD6D7E43648E67DA6E /* AudioToolbox.framework in Frameworks */,
				FF5B1A3BC5764B11A4B66AE6 /* AVFoundation.framework in Frameworks */,
				3CE27DF352A245FEA138008D /* CoreBluetooth.framework in Frameworks */,
				3DD57F1FD6614A01ABC21643 /* CoreLocation.framework in Frameworks */,
				6AD51EA1959B443DA209ABDA /* CoreMedia.framework in Frameworks */,
				E6D9305116FF4FF088A91663 /* CoreMotion.framework in Frameworks */,
				8D735202E82B4721B38617D6 /* CoreTelephony.framework in Frameworks */,
				CEF134B2A54649768905C00F /* CoreVideo.framework in Frameworks */,
				51EF83F7806242FBB4C4F9C4 /* EventKit.framework in Frameworks */,
				41B82500B92142EA8084C1D4 /* EventKitUI.framework in Frameworks */,
				226CE03710B04E1184106A2D /* Foundation.framework in Frameworks */,
				5B68426EA98342BCAD70F24B /* GLKit.framework in Frameworks */,
				51BDCB890FD5474390C1338C /* MediaPlayer.framework in Frameworks */,
				CBB10A7C30814A85B79C2F9E /* OpenGLES.framework in Frameworks */,
				DFB4DB8C92AF49BE8EF0F514 /* SafariServices.framework in Frameworks */,
				AEDF09F1CE8B464FB3E3FA9C /* StoreKit.framework in Frameworks */,
				24907E2D2D02498C9157C9B0 /* UIKit.framework in Frameworks */,
				6E6A23049B8F4C6FBB042008 /* libGoogleAnalyticsServices.a in Frameworks */,
				44FBA6EDF8D549EEA39BC31F /* libAdIdAccess.a in Frameworks */,
				4BBEB5355179435791C17845 /* CoreData.framework in Frameworks */,
				6B831CC68CF2456C9999593E /* libz.dylib in Frameworks */,
				CB2DE3EB946A464C8198534E /* libsqlite3.dylib in Frameworks */,
			);
			runOnlyForDeploymentPostprocessing = 0;
		};
/* End PBXFrameworksBuildPhase section */

/* Begin PBXGroup section */
		080E96DDFE201D6D7F000001 /* Classes */ = {
			isa = PBXGroup;
			children = (
				302D95EE14D2391D003F00A1 /* MainViewController.h */,
				302D95EF14D2391D003F00A1 /* MainViewController.m */,
				302D95F014D2391D003F00A1 /* MainViewController.xib */,
				1D3623240D0F684500981E51 /* AppDelegate.h */,
				1D3623250D0F684500981E51 /* AppDelegate.m */,
			);
			name = Classes;
			path = TextTV.nu/Classes;
			sourceTree = SOURCE_ROOT;
		};
		19C28FACFE9D520D11CA2CBB /* Products */ = {
			isa = PBXGroup;
			children = (
				1D6058910D05DD3D006BFB54 /* TextTV.nu.app */,
			);
			name = Products;
			sourceTree = "<group>";
		};
		29B97314FDCFA39411CA2CEA /* CustomTemplate */ = {
			isa = PBXGroup;
			children = (
				EB87FDF41871DAF40020F90C /* config.xml */,
				EB87FDF31871DA8E0020F90C /* www */,
				EB87FDF11871DA420020F90C /* Staging */,
				301BF52D109A57CC0062928A /* CordovaLib.xcodeproj */,
				080E96DDFE201D6D7F000001 /* Classes */,
				307C750510C5A3420062BCA9 /* Plugins */,
				29B97315FDCFA39411CA2CEA /* Other Sources */,
				29B97317FDCFA39411CA2CEA /* Resources */,
				29B97323FDCFA39411CA2CEA /* Frameworks */,
				19C28FACFE9D520D11CA2CBB /* Products */,
			);
			name = CustomTemplate;
			sourceTree = "<group>";
		};
		29B97315FDCFA39411CA2CEA /* Other Sources */ = {
			isa = PBXGroup;
			children = (
				32CA4F630368D1EE00C91783 /* TextTV.nu-Prefix.pch */,
				29B97316FDCFA39411CA2CEA /* main.m */,
				ED33DF2A687741AEAF9F8254 /* Bridging-Header.h */,
			);
			name = "Other Sources";
			path = TextTV.nu;
			sourceTree = "<group>";
		};
		29B97317FDCFA39411CA2CEA /* Resources */ = {
			isa = PBXGroup;
			children = (
				0207DA571B56EA530066E2B4 /* Images.xcassets */,
				3047A50E1AB8057F00498E2A /* config */,
				8D1107310486CEB800E47090 /* TextTV.nu-Info.plist */,
				6AFF5BF81D6E424B00AB3073 /* CDVLaunchScreen.storyboard */,
			);
			name = Resources;
			path = TextTV.nu/Resources;
			sourceTree = "<group>";
		};
		29B97323FDCFA39411CA2CEA /* Frameworks */ = {
			isa = PBXGroup;
			children = (
				A211F383574447859E17172B /* MessageUI.framework */,
				A446FDBCA042404BAA1097BF /* SystemConfiguration.framework */,
				1FABE65D803A464C98CC416E /* Social.framework */,
				8704C7AC85C341CEB106535B /* libCordovaGenericAd.a */,
				0EC45F11FDC341629495CCF2 /* CFNetwork.framework */,
				19918C7088954264AE4C772D /* GoogleMobileAds.framework */,
				98EA91C3585440A5A3BBEF54 /* AdSupport.framework */,
				5E17183B5FDC4CE29DC9A409 /* AudioToolbox.framework */,
				5146D9CE38924D02B1C23645 /* AVFoundation.framework */,
				6F6D24C33F9F46519580B1CC /* CoreBluetooth.framework */,
				BFFCB3B3C4674BCEB2AB35CD /* CoreLocation.framework */,
				8C2FCD95AEC04F3199D563C0 /* CoreMedia.framework */,
				032F6D165F6B43D290CC8E63 /* CoreMotion.framework */,
				F8D72DFE87234BA0A7307E14 /* CoreTelephony.framework */,
				A6866D14E871487DA99DA6F4 /* CoreVideo.framework */,
				D0836B550EEA47C0986D77B1 /* EventKit.framework */,
				CF1E99863E264B34804B5D83 /* EventKitUI.framework */,
				C2718588E01C49BD835D1510 /* Foundation.framework */,
				0CA68EC4F7564C91BAD8B27F /* GLKit.framework */,
				373E852EF2984D17A4743A4E /* MediaPlayer.framework */,
				148B9263858548CDB0DFDCB3 /* OpenGLES.framework */,
				8B0CE50C70EE4F73A28FC6AC /* SafariServices.framework */,
				F6D2B9CF67E941A09824A30E /* StoreKit.framework */,
				26EFE30DB0C946C4B62728A9 /* UIKit.framework */,
				5BA31D80944D48A9BD973A3A /* libGoogleAnalyticsServices.a */,
				9AB1B3C025B6470DBFB12787 /* libAdIdAccess.a */,
				DC6ABDF9DD6F403B9FB020C6 /* CoreData.framework */,
				21FD68403F5543CAA637E81A /* libz.dylib */,
				71C49B2643304CA0A4C9EECD /* libsqlite3.dylib */,
			);
			name = Frameworks;
			sourceTree = "<group>";
		};
		301BF52E109A57CC0062928A /* Products */ = {
			isa = PBXGroup;
			children = (
				301BF535109A57CC0062928A /* libCordova.a */,
			);
			name = Products;
			sourceTree = "<group>";
		};
		3047A50E1AB8057F00498E2A /* config */ = {
			isa = PBXGroup;
			children = (
				3047A50F1AB8059700498E2A /* build-debug.xcconfig */,
				3047A5101AB8059700498E2A /* build-release.xcconfig */,
				3047A5111AB8059700498E2A /* build.xcconfig */,
			);
			name = config;
			sourceTree = "<group>";
		};
		307C750510C5A3420062BCA9 /* Plugins */ = {
			isa = PBXGroup;
			children = (
				403CE04BEA0F49BDA966221D /* CDVLogger.m */,
				BDCF8A5E03C7403D82E6A295 /* CDVLogger.h */,
				780D0226C0AC442499F7DC7D /* CDVDevice.m */,
				2DE72CEC89EB401289B269BE /* CDVDevice.h */,
				C0DC634588C940949D1C2812 /* CDVSplashScreen.m */,
				83F3BA4943C34DDE8B2408AC /* CDVViewController+SplashScreen.m */,
				5C50816B5812430DBBA8C12E /* CDVSplashScreen.h */,
				E903A4E81D6A4EC5B4D7FD01 /* CDVViewController+SplashScreen.h */,
				9D1C0D31E54C45F78125EDB2 /* CDVStatusBar.m */,
				A8C620029A504F4A8BE7F2B9 /* CDVStatusBar.h */,
				0D2E0697209147808AA84866 /* NSString+URLEncoding.m */,
				F6F05C9AEFFE4AB69B7C6082 /* SocialSharing.m */,
				6A14ED938D7748BBBD69EE47 /* NSString+URLEncoding.h */,
				B63F08201F764FBF9DB7EF94 /* SocialSharing.h */,
				36C5796F837F4C0488E38385 /* CDVPluginExt.m */,
				45DEC47D27324D20A1537A2A /* PluginAdapterDelegate.h */,
				16165CD73D8E49E19C7A2378 /* CDVPluginExt.h */,
				7D27D7AEDAA340BCAFE191CC /* GenericAdPlugin.h */,
				192072B9CB6144C29BDC0AC5 /* CDVAdMobPlugin.m */,
				BE5F14206ED24677A5527FD4 /* AdMobMediation.m */,
				C398E724FF47402FB9AA34FF /* CDVAdMobPlugin.h */,
				7B42B55776F149A3BC979D05 /* AdMobMediation.h */,
				85962163220D487682B3A402 /* UniversalAnalyticsPlugin.m */,
				2569477399F240D498CEA33A /* UniversalAnalyticsPlugin.h */,
				B50147E84FDD48DD880C9B51 /* GAIDictionaryBuilder.h */,
				EAB8D8634C44478781A6D535 /* GAIFields.h */,
				FF0A6A7B5AA549658533878D /* GAILogger.h */,
				04F83157D5904785BE9A9A35 /* GAITrackedViewController.h */,
				231CCAFE60754572A2777787 /* GAI.h */,
				A38250A569314D60ABEBE0DA /* GAITracker.h */,
				51F9A9618AF44CBA89BFCEC3 /* GAIEcommerceFields.h */,
				E7657C094B3B4F2884257D83 /* GAIEcommerceProduct.h */,
				B18917346FFF4388860D120C /* GAIEcommerceProductAction.h */,
				8450BBDFA8144115881ED1F2 /* GAIEcommercePromotion.h */,
				3346D8FD9F4E4DE88C581644 /* CDVInAppBrowser.m */,
				D2DB1BBF5E984E16A1F4A24F /* CDVInAppBrowser.h */,
			);
			name = Plugins;
			path = TextTV.nu/Plugins;
			sourceTree = SOURCE_ROOT;
		};
		EB87FDF11871DA420020F90C /* Staging */ = {
			isa = PBXGroup;
			children = (
				F840E1F0165FE0F500CFE078 /* config.xml */,
				301BF56E109A69640062928A /* www */,
			);
			name = Staging;
			sourceTree = "<group>";
		};
/* End PBXGroup section */

/* Begin PBXNativeTarget section */
		1D6058900D05DD3D006BFB54 /* TextTV.nu */ = {
			isa = PBXNativeTarget;
			buildConfigurationList = 1D6058960D05DD3E006BFB54 /* Build configuration list for PBXNativeTarget "TextTV.nu" */;
			buildPhases = (
				304B58A110DAC018002A0835 /* Copy www directory */,
				1D60588D0D05DD3D006BFB54 /* Resources */,
				1D60588E0D05DD3D006BFB54 /* Sources */,
				1D60588F0D05DD3D006BFB54 /* Frameworks */,
			);
			buildRules = (
			);
			dependencies = (
				301BF551109A68C00062928A /* PBXTargetDependency */,
			);
			name = TextTV.nu;
			productName = TextTV.nu;
			productReference = 1D6058910D05DD3D006BFB54 /* TextTV.nu.app */;
			productType = "com.apple.product-type.application";
		};
/* End PBXNativeTarget section */

/* Begin PBXProject section */
		29B97313FDCFA39411CA2CEA /* Project object */ = {
			isa = PBXProject;
			attributes = {
				LastUpgradeCheck = 810;
			};
			buildConfigurationList = C01FCF4E08A954540054247B /* Build configuration list for PBXProject "TextTV.nu" */;
			compatibilityVersion = "Xcode 3.2";
			developmentRegion = English;
			hasScannedForEncodings = 1;
			knownRegions = (
				en,
			);
			mainGroup = 29B97314FDCFA39411CA2CEA /* CustomTemplate */;
			projectDirPath = "";
			projectReferences = (
				{
					ProductGroup = 301BF52E109A57CC0062928A /* Products */;
					ProjectRef = 301BF52D109A57CC0062928A /* CordovaLib.xcodeproj */;
				},
			);
			projectRoot = "";
			targets = (
				1D6058900D05DD3D006BFB54 /* TextTV.nu */,
			);
		};
/* End PBXProject section */

/* Begin PBXReferenceProxy section */
		301BF535109A57CC0062928A /* libCordova.a */ = {
			isa = PBXReferenceProxy;
			fileType = archive.ar;
			path = libCordova.a;
			remoteRef = 301BF534109A57CC0062928A /* PBXContainerItemProxy */;
			sourceTree = BUILT_PRODUCTS_DIR;
		};
/* End PBXReferenceProxy section */

/* Begin PBXResourcesBuildPhase section */
		1D60588D0D05DD3D006BFB54 /* Resources */ = {
			isa = PBXResourcesBuildPhase;
			buildActionMask = 2147483647;
			files = (
				302D95F214D2391D003F00A1 /* MainViewController.xib in Resources */,
				0207DA581B56EA530066E2B4 /* Images.xcassets in Resources */,
				6AFF5BF91D6E424B00AB3073 /* CDVLaunchScreen.storyboard in Resources */,
			);
			runOnlyForDeploymentPostprocessing = 0;
		};
/* End PBXResourcesBuildPhase section */

/* Begin PBXShellScriptBuildPhase section */
		304B58A110DAC018002A0835 /* Copy www directory */ = {
			isa = PBXShellScriptBuildPhase;
			buildActionMask = 2147483647;
			files = (
			);
			inputPaths = (
			);
			name = "Copy www directory";
			outputPaths = (
			);
			runOnlyForDeploymentPostprocessing = 0;
			shellPath = /bin/sh;
			shellScript = "NODEJS_PATH=/usr/local/bin; NVM_NODE_PATH=~/.nvm/versions/node/`nvm version 2>/dev/null`/bin; N_NODE_PATH=`find /usr/local/n/versions/node/* -maxdepth 0 -type d 2>/dev/null | tail -1`/bin; XCODE_NODE_PATH=`xcode-select --print-path`/usr/share/xcs/Node/bin; PATH=$NODEJS_PATH:$NVM_NODE_PATH:$N_NODE_PATH:$XCODE_NODE_PATH:$PATH && node cordova/lib/copy-www-build-step.js";
			showEnvVarsInLog = 0;
		};
/* End PBXShellScriptBuildPhase section */

/* Begin PBXSourcesBuildPhase section */
		1D60588E0D05DD3D006BFB54 /* Sources */ = {
			isa = PBXSourcesBuildPhase;
			buildActionMask = 2147483647;
			files = (
				1D60589B0D05DD56006BFB54 /* main.m in Sources */,
				1D3623260D0F684500981E51 /* AppDelegate.m in Sources */,
				302D95F114D2391D003F00A1 /* MainViewController.m in Sources */,
				FF06D893823A4B9AA2B600AF /* CDVLogger.m in Sources */,
				293B10910E57422198ED07D5 /* CDVDevice.m in Sources */,
				93815BAB1AD04DCF81385960 /* CDVSplashScreen.m in Sources */,
				C68406E31DEC41B0A66F570C /* CDVViewController+SplashScreen.m in Sources */,
				1C8A038D80F5455A9FB44429 /* CDVStatusBar.m in Sources */,
				62FCCBE04F0742E7ACFB7818 /* NSString+URLEncoding.m in Sources */,
				F2FD8DB0B293405EBC40A1AC /* SocialSharing.m in Sources */,
				569A00C45B89472CAF01F116 /* CDVPluginExt.m in Sources */,
				5DDAF51374E44FC18DA79FCB /* CDVAdMobPlugin.m in Sources */,
				680E24D9446F463E84BB3A6C /* AdMobMediation.m in Sources */,
				55DFFDD0219847F49884F93C /* UniversalAnalyticsPlugin.m in Sources */,
				3DDD159BF01B4F2EB8F171DF /* CDVInAppBrowser.m in Sources */,
			);
			runOnlyForDeploymentPostprocessing = 0;
		};
/* End PBXSourcesBuildPhase section */

/* Begin PBXTargetDependency section */
		301BF551109A68C00062928A /* PBXTargetDependency */ = {
			isa = PBXTargetDependency;
			name = CordovaLib;
			targetProxy = 301BF550109A68C00062928A /* PBXContainerItemProxy */;
		};
/* End PBXTargetDependency section */

/* Begin XCBuildConfiguration section */
		1D6058940D05DD3E006BFB54 /* Debug */ = {
			isa = XCBuildConfiguration;
			baseConfigurationReference = 3047A50F1AB8059700498E2A /* build-debug.xcconfig */;
			buildSettings = {
				ALWAYS_SEARCH_USER_PATHS = NO;
				ASSETCATALOG_COMPILER_APPICON_NAME = AppIcon;
				ASSETCATALOG_COMPILER_LAUNCHIMAGE_NAME = LaunchImage;
				CLANG_ENABLE_MODULES = YES;
				CLANG_ENABLE_OBJC_ARC = YES;
				COPY_PHASE_STRIP = NO;
				FRAMEWORK_SEARCH_PATHS = (
					"$(inherited)",
					"\"TextTV.nu/Plugins/cordova-plugin-admobpro\"",
					"\"TextTV.nu/Plugins/cordova-plugin-admobpro\"",
				);
				GCC_DYNAMIC_NO_PIC = NO;
				GCC_OPTIMIZATION_LEVEL = 0;
				GCC_PRECOMPILE_PREFIX_HEADER = YES;
				GCC_PREFIX_HEADER = "TextTV.nu/TextTV.nu-Prefix.pch";
				GCC_THUMB_SUPPORT = NO;
				GCC_VERSION = "";
				INFOPLIST_FILE = "TextTV.nu/TextTV.nu-Info.plist";
				LD_RUNPATH_SEARCH_PATHS = "@executable_path/Frameworks";
				LIBRARY_SEARCH_PATHS = (
					"$(inherited)",
					"\"$(SRCROOT)/TextTV.nu/Plugins/cordova-plugin-extension\"",
					"\"$(SRCROOT)/TextTV.nu/Plugins/cordova-plugin-google-analytics\"",
					"\"$(SRCROOT)/TextTV.nu/Plugins/cordova-plugin-google-analytics\"",
				);
				PRODUCT_BUNDLE_IDENTIFIER = com.mufflify.TextTVnu;
				PRODUCT_NAME = TextTV.nu;
			};
			name = Debug;
		};
		1D6058950D05DD3E006BFB54 /* Release */ = {
			isa = XCBuildConfiguration;
			baseConfigurationReference = 3047A5101AB8059700498E2A /* build-release.xcconfig */;
			buildSettings = {
				ALWAYS_SEARCH_USER_PATHS = NO;
				ASSETCATALOG_COMPILER_APPICON_NAME = AppIcon;
				ASSETCATALOG_COMPILER_LAUNCHIMAGE_NAME = LaunchImage;
				CLANG_ENABLE_MODULES = YES;
				CLANG_ENABLE_OBJC_ARC = YES;
				COPY_PHASE_STRIP = YES;
				FRAMEWORK_SEARCH_PATHS = (
					"$(inherited)",
					"\"TextTV.nu/Plugins/cordova-plugin-admobpro\"",
					"\"TextTV.nu/Plugins/cordova-plugin-admobpro\"",
				);
				GCC_PRECOMPILE_PREFIX_HEADER = YES;
				GCC_PREFIX_HEADER = "TextTV.nu/TextTV.nu-Prefix.pch";
				GCC_THUMB_SUPPORT = NO;
				GCC_VERSION = "";
				INFOPLIST_FILE = "TextTV.nu/TextTV.nu-Info.plist";
				LD_RUNPATH_SEARCH_PATHS = "@executable_path/Frameworks";
				LIBRARY_SEARCH_PATHS = (
					"$(inherited)",
					"\"$(SRCROOT)/TextTV.nu/Plugins/cordova-plugin-extension\"",
					"\"$(SRCROOT)/TextTV.nu/Plugins/cordova-plugin-google-analytics\"",
					"\"$(SRCROOT)/TextTV.nu/Plugins/cordova-plugin-google-analytics\"",
				);
				PRODUCT_BUNDLE_IDENTIFIER = com.mufflify.TextTVnu;
				PRODUCT_NAME = TextTV.nu;
			};
			name = Release;
		};
		C01FCF4F08A954540054247B /* Debug */ = {
			isa = XCBuildConfiguration;
			baseConfigurationReference = 3047A5111AB8059700498E2A /* build.xcconfig */;
			buildSettings = {
				CLANG_ENABLE_MODULES = YES;
				CLANG_ENABLE_OBJC_ARC = YES;
				CLANG_WARN_BOOL_CONVERSION = YES;
				CLANG_WARN_CONSTANT_CONVERSION = YES;
				CLANG_WARN_EMPTY_BODY = YES;
				CLANG_WARN_ENUM_CONVERSION = YES;
				CLANG_WARN_INFINITE_RECURSION = YES;
				CLANG_WARN_INT_CONVERSION = YES;
				CLANG_WARN_SUSPICIOUS_MOVE = YES;
				CLANG_WARN_UNREACHABLE_CODE = YES;
				CLANG_WARN__DUPLICATE_METHOD_MATCH = YES;
				ENABLE_STRICT_OBJC_MSGSEND = YES;
				ENABLE_TESTABILITY = YES;
				GCC_C_LANGUAGE_STANDARD = c99;
				GCC_NO_COMMON_BLOCKS = YES;
				GCC_THUMB_SUPPORT = NO;
				GCC_VERSION = "";
				GCC_WARN_64_TO_32_BIT_CONVERSION = YES;
				GCC_WARN_ABOUT_RETURN_TYPE = YES;
				GCC_WARN_UNDECLARED_SELECTOR = YES;
				GCC_WARN_UNINITIALIZED_AUTOS = YES;
				GCC_WARN_UNUSED_FUNCTION = YES;
				GCC_WARN_UNUSED_VARIABLE = YES;
				ONLY_ACTIVE_ARCH = YES;
				SDKROOT = iphoneos;
				SKIP_INSTALL = NO;
			};
			name = Debug;
		};
		C01FCF5008A954540054247B /* Release */ = {
			isa = XCBuildConfiguration;
			baseConfigurationReference = 3047A5111AB8059700498E2A /* build.xcconfig */;
			buildSettings = {
				CLANG_ENABLE_MODULES = YES;
				CLANG_ENABLE_OBJC_ARC = YES;
				CLANG_WARN_BOOL_CONVERSION = YES;
				CLANG_WARN_CONSTANT_CONVERSION = YES;
				CLANG_WARN_EMPTY_BODY = YES;
				CLANG_WARN_ENUM_CONVERSION = YES;
				CLANG_WARN_INFINITE_RECURSION = YES;
				CLANG_WARN_INT_CONVERSION = YES;
				CLANG_WARN_SUSPICIOUS_MOVE = YES;
				CLANG_WARN_UNREACHABLE_CODE = YES;
				CLANG_WARN__DUPLICATE_METHOD_MATCH = YES;
				ENABLE_STRICT_OBJC_MSGSEND = YES;
				GCC_C_LANGUAGE_STANDARD = c99;
				GCC_NO_COMMON_BLOCKS = YES;
				GCC_THUMB_SUPPORT = NO;
				GCC_VERSION = "";
				GCC_WARN_64_TO_32_BIT_CONVERSION = YES;
				GCC_WARN_ABOUT_RETURN_TYPE = YES;
				GCC_WARN_UNDECLARED_SELECTOR = YES;
				GCC_WARN_UNINITIALIZED_AUTOS = YES;
				GCC_WARN_UNUSED_FUNCTION = YES;
				GCC_WARN_UNUSED_VARIABLE = YES;
				SDKROOT = iphoneos;
				SKIP_INSTALL = NO;
			};
			name = Release;
		};
/* End XCBuildConfiguration section */

/* Begin XCConfigurationList section */
		1D6058960D05DD3E006BFB54 /* Build configuration list for PBXNativeTarget "TextTV.nu" */ = {
			isa = XCConfigurationList;
			buildConfigurations = (
				1D6058940D05DD3E006BFB54 /* Debug */,
				1D6058950D05DD3E006BFB54 /* Release */,
			);
			defaultConfigurationIsVisible = 0;
			defaultConfigurationName = Release;
		};
		C01FCF4E08A954540054247B /* Build configuration list for PBXProject "TextTV.nu" */ = {
			isa = XCConfigurationList;
			buildConfigurations = (
				C01FCF4F08A954540054247B /* Debug */,
				C01FCF5008A954540054247B /* Release */,
			);
			defaultConfigurationIsVisible = 0;
			defaultConfigurationName = Release;
		};
/* End XCConfigurationList section */
	};
	rootObject = 29B97313FDCFA39411CA2CEA /* Project object */;
}
