// !$*UTF8*$!
{
	archiveVersion = 1;
	classes = {
	};
	objectVersion = 46;
	objects = {
/* Begin PBXBuildFile section */
		0207DA581B56EA530066E2B4 /* Images.xcassets in Resources */ = {isa = PBXBuildFile; fileRef = 0207DA571B56EA530066E2B4 /* Images.xcassets */; };
		1D3623260D0F684500981E51 /* AppDelegate.m in Sources */ = {isa = PBXBuildFile; fileRef = 1D3623250D0F684500981E51 /* AppDelegate.m */; };
		1D60589B0D05DD56006BFB54 /* main.m in Sources */ = {isa = PBXBuildFile; fileRef = 29B97316FDCFA39411CA2CEA /* main.m */; };
		301BF552109A68D80062928A /* libCordova.a in Frameworks */ = {isa = PBXBuildFile; fileRef = 301BF535109A57CC0062928A /* libCordova.a */; };
		302D95F114D2391D003F00A1 /* MainViewController.m in Sources */ = {isa = PBXBuildFile; fileRef = 302D95EF14D2391D003F00A1 /* MainViewController.m */; };
		302D95F214D2391D003F00A1 /* MainViewController.xib in Resources */ = {isa = PBXBuildFile; fileRef = 302D95F014D2391D003F00A1 /* MainViewController.xib */; };
		3047A5121AB8059700498E2A /* build-debug.xcconfig in Resources */ = {isa = PBXBuildFile; fileRef = 3047A50F1AB8059700498E2A /* build-debug.xcconfig */; };
		3047A5131AB8059700498E2A /* build-release.xcconfig in Resources */ = {isa = PBXBuildFile; fileRef = 3047A5101AB8059700498E2A /* build-release.xcconfig */; };
		3047A5141AB8059700498E2A /* build.xcconfig in Resources */ = {isa = PBXBuildFile; fileRef = 3047A5111AB8059700498E2A /* build.xcconfig */; };
		50020D3671614526B98082F1 /* CDVPluginExt.m in Sources */ = {isa = PBXBuildFile; fileRef = E95CCC1A4F6A48D3BDDDAA49 /* CDVPluginExt.m */; };
		B2760111D068495C88E4030A /* libCordovaGenericAd.a in Frameworks */ = {isa = PBXBuildFile; fileRef = 2A3444F7071D4E3687984685 /* libCordovaGenericAd.a */; };
		D9091743226B44D9AFF5C905 /* CFNetwork.framework in Frameworks */ = {isa = PBXBuildFile; fileRef = 58244623F3C84747818145C1 /* CFNetwork.framework */; };
		1988065A524043E38969DA8A /* CDVAdMobPlugin.m in Sources */ = {isa = PBXBuildFile; fileRef = 0C8B411E9E8C4BE2A9073E1B /* CDVAdMobPlugin.m */; };
		901F19B583604574AEA9FA9C /* AdMobMediation.m in Sources */ = {isa = PBXBuildFile; fileRef = F997285EFF9A4A43BFD0DDD0 /* AdMobMediation.m */; };
		555AE474BB0F47A2B85C8D8C /* GoogleMobileAds.framework in Frameworks */ = {isa = PBXBuildFile; fileRef = C01C08589D8148E7A072E28E /* GoogleMobileAds.framework */; };
		3446F5E719F44363AE699732 /* AdSupport.framework in Frameworks */ = {isa = PBXBuildFile; fileRef = B49644E03E2E445BBD1C9124 /* AdSupport.framework */; };
		498AA3FD7810404589D07405 /* AudioToolbox.framework in Frameworks */ = {isa = PBXBuildFile; fileRef = 3456E52BF60D40F28278552B /* AudioToolbox.framework */; };
		38A5F7533FCD4B61A1DE563F /* AVFoundation.framework in Frameworks */ = {isa = PBXBuildFile; fileRef = 724DC3F763EE4904B025B113 /* AVFoundation.framework */; };
		DD450BFED24E4D5DAE36C270 /* CoreLocation.framework in Frameworks */ = {isa = PBXBuildFile; fileRef = 71BF5D1A26814EC9B62ED5FE /* CoreLocation.framework */; };
		7B8B182C339D4292BC56F266 /* CoreTelephony.framework in Frameworks */ = {isa = PBXBuildFile; fileRef = 94D66D55A34D4A3CBDC95E48 /* CoreTelephony.framework */; };
		A29EB2CC1DC74CF2908D7409 /* EventKit.framework in Frameworks */ = {isa = PBXBuildFile; fileRef = A844A93D4362447D84019E21 /* EventKit.framework */; };
		86E3610B54C74609B8102F2B /* EventKitUI.framework in Frameworks */ = {isa = PBXBuildFile; fileRef = B6BAC4AD14854771B8E66720 /* EventKitUI.framework */; };
		FC6D889E4CF24557B86B4625 /* Foundation.framework in Frameworks */ = {isa = PBXBuildFile; fileRef = 3FB0147F4AB84406A98B7105 /* Foundation.framework */; };
		E245A9DB7EE14BE79187B3A4 /* MediaPlayer.framework in Frameworks */ = {isa = PBXBuildFile; fileRef = 7AD88606EDA2440DA2ACB28F /* MediaPlayer.framework */; };
		EA764FC0448A40469254053E /* MessageUI.framework in Frameworks */ = {isa = PBXBuildFile; fileRef = 20F59F58291A44319517BDBE /* MessageUI.framework */; };
		9D0D3910AAB6404C89AB6F63 /* QuartzCore.framework in Frameworks */ = {isa = PBXBuildFile; fileRef = FA62225003714362A46357F8 /* QuartzCore.framework */; };
		2294FE80858843C3AE081CAF /* StoreKit.framework in Frameworks */ = {isa = PBXBuildFile; fileRef = A879257D9023444AA98E495B /* StoreKit.framework */; };
		3369997A5FD446A58011B82D /* SystemConfiguration.framework in Frameworks */ = {isa = PBXBuildFile; fileRef = 0EABF6F6FB5E44DC825B4725 /* SystemConfiguration.framework */; };
		D71218FF7869460EA78A133E /* UIKit.framework in Frameworks */ = {isa = PBXBuildFile; fileRef = DE103858491C4B2AA9AE0110 /* UIKit.framework */; };
		F4CBB8EE874343B388DA4B54 /* CDVLogger.m in Sources */ = {isa = PBXBuildFile; fileRef = A7B6B84446C74EDCA714480E /* CDVLogger.m */; };
		381E54B000434645A042FC97 /* CDVDevice.m in Sources */ = {isa = PBXBuildFile; fileRef = 948E0C74E3534853BB0E929C /* CDVDevice.m */; };
		A4787CC8FDC54262A8B7E49B /* UniversalAnalyticsPlugin.m in Sources */ = {isa = PBXBuildFile; fileRef = FFE9BCACA6054E41A9FA47A3 /* UniversalAnalyticsPlugin.m */; };
		979670F6EDC249D2A454BEB0 /* libGoogleAnalyticsServices.a in Frameworks */ = {isa = PBXBuildFile; fileRef = 2A7F486B81814907BF2902E4 /* libGoogleAnalyticsServices.a */; };
		1CBE1BE8736B4732AD0C7F83 /* CoreData.framework in Frameworks */ = {isa = PBXBuildFile; fileRef = 0ED3B0AFC2664D0DB3289DEA /* CoreData.framework */; };
		134EB9D6488448F5A44E9647 /* libz.dylib in Frameworks */ = {isa = PBXBuildFile; fileRef = D72A5A7E06D1408794F576E5 /* libz.dylib */; };
		C7DFC1DFC7A74067A4BFABE8 /* libsqlite3.dylib in Frameworks */ = {isa = PBXBuildFile; fileRef = 23C30E3877134D84A09B1611 /* libsqlite3.dylib */; };
		9571A479E70D4B8AB8ABECAE /* CDVInAppBrowser.m in Sources */ = {isa = PBXBuildFile; fileRef = 476E21F541AF48FB9A7A888B /* CDVInAppBrowser.m */; };
		9D84F59F28CE4FEAB4FC9D8D /* CDVSplashScreen.m in Sources */ = {isa = PBXBuildFile; fileRef = F5A64C0081914B6CAD9AB1BB /* CDVSplashScreen.m */; };
		789EEDDBE14A42EEB0DA9204 /* CDVViewController+SplashScreen.m in Sources */ = {isa = PBXBuildFile; fileRef = 25909B979397463C8079D575 /* CDVViewController+SplashScreen.m */; };
		5D66A0F7F95E496EBE637EE6 /* CDVStatusBar.m in Sources */ = {isa = PBXBuildFile; fileRef = D0A4B3F55382472499E44109 /* CDVStatusBar.m */; };
		2E0CF0CBC7C946009F782BB3 /* NSString+URLEncoding.m in Sources */ = {isa = PBXBuildFile; fileRef = AA4027DB20944A21AD4B0774 /* NSString+URLEncoding.m */; };
		BDC4651BFD8B49BC8045DFA9 /* SocialSharing.m in Sources */ = {isa = PBXBuildFile; fileRef = C88619DDD98645889E41446B /* SocialSharing.m */; };
		EB9980C2E8D34791964BFE03 /* Social.framework in Frameworks */ = {isa = PBXBuildFile; fileRef = C0F24E7119E148DFB25CF349 /* Social.framework */; settings = {ATTRIBUTES = (Weak, ); }; };
/* End PBXBuildFile section */

/* Begin PBXContainerItemProxy section */
		301BF534109A57CC0062928A /* PBXContainerItemProxy */ = {
			isa = PBXContainerItemProxy;
			containerPortal = 301BF52D109A57CC0062928A /* CordovaLib.xcodeproj */;
			proxyType = 2;
			remoteGlobalIDString = D2AAC07E0554694100DB518D;
			remoteInfo = CordovaLib;
		};
		301BF550109A68C00062928A /* PBXContainerItemProxy */ = {
			isa = PBXContainerItemProxy;
			containerPortal = 301BF52D109A57CC0062928A /* CordovaLib.xcodeproj */;
			proxyType = 1;
			remoteGlobalIDString = D2AAC07D0554694100DB518D;
			remoteInfo = CordovaLib;
		};
/* End PBXContainerItemProxy section */

/* Begin PBXFileReference section */
		0207DA571B56EA530066E2B4 /* Images.xcassets */ = {isa = PBXFileReference; lastKnownFileType = folder.assetcatalog; name = Images.xcassets; path = "TextTV.nu/Images.xcassets"; sourceTree = SOURCE_ROOT; };
		1D3623240D0F684500981E51 /* AppDelegate.h */ = {isa = PBXFileReference; fileEncoding = 4; lastKnownFileType = sourcecode.c.h; path = AppDelegate.h; sourceTree = "<group>"; };
		1D3623250D0F684500981E51 /* AppDelegate.m */ = {isa = PBXFileReference; fileEncoding = 4; lastKnownFileType = sourcecode.c.objc; path = AppDelegate.m; sourceTree = "<group>"; };
		1D6058910D05DD3D006BFB54 /* TextTV.nu.app */ = {isa = PBXFileReference; explicitFileType = wrapper.application; includeInIndex = 0; path = "TextTV.nu.app"; sourceTree = BUILT_PRODUCTS_DIR; };
		29B97316FDCFA39411CA2CEA /* main.m */ = {isa = PBXFileReference; fileEncoding = 4; lastKnownFileType = sourcecode.c.objc; path = main.m; sourceTree = "<group>"; };
		301BF52D109A57CC0062928A /* CordovaLib.xcodeproj */ = {isa = PBXFileReference; lastKnownFileType = "wrapper.pb-project"; name = CordovaLib.xcodeproj; path = CordovaLib/CordovaLib.xcodeproj; sourceTree = "<group>"; };
		301BF56E109A69640062928A /* www */ = {isa = PBXFileReference; lastKnownFileType = folder; path = www; sourceTree = SOURCE_ROOT; };
		302D95EE14D2391D003F00A1 /* MainViewController.h */ = {isa = PBXFileReference; fileEncoding = 4; lastKnownFileType = sourcecode.c.h; path = MainViewController.h; sourceTree = "<group>"; };
		302D95EF14D2391D003F00A1 /* MainViewController.m */ = {isa = PBXFileReference; fileEncoding = 4; lastKnownFileType = sourcecode.c.objc; path = MainViewController.m; sourceTree = "<group>"; };
		302D95F014D2391D003F00A1 /* MainViewController.xib */ = {isa = PBXFileReference; fileEncoding = 4; lastKnownFileType = file.xib; path = MainViewController.xib; sourceTree = "<group>"; };
		3047A50F1AB8059700498E2A /* build-debug.xcconfig */ = {isa = PBXFileReference; fileEncoding = 4; lastKnownFileType = text.xcconfig; name = "build-debug.xcconfig"; path = cordova/build-debug.xcconfig; sourceTree = SOURCE_ROOT; };
		3047A5101AB8059700498E2A /* build-release.xcconfig */ = {isa = PBXFileReference; fileEncoding = 4; lastKnownFileType = text.xcconfig; name = "build-release.xcconfig"; path = cordova/build-release.xcconfig; sourceTree = SOURCE_ROOT; };
		3047A5111AB8059700498E2A /* build.xcconfig */ = {isa = PBXFileReference; fileEncoding = 4; lastKnownFileType = text.xcconfig; name = build.xcconfig; path = cordova/build.xcconfig; sourceTree = SOURCE_ROOT; };
		32CA4F630368D1EE00C91783 /* TextTV.nu-Prefix.pch */ = {isa = PBXFileReference; fileEncoding = 4; lastKnownFileType = sourcecode.c.h; path = "TextTV.nu-Prefix.pch"; sourceTree = "<group>"; };
		8D1107310486CEB800E47090 /* TextTV.nu-Info.plist */ = {isa = PBXFileReference; fileEncoding = 4; lastKnownFileType = text.plist.xml; name = "TextTV.nu-Info.plist"; path = "TextTV.nu/TextTV.nu-Info.plist"; plistStructureDefinitionIdentifier = "com.apple.xcode.plist.structure-definition.iphone.info-plist"; sourceTree = SOURCE_ROOT; };
		EB87FDF31871DA8E0020F90C /* www */ = {isa = PBXFileReference; lastKnownFileType = folder; name = www; path = ../../www; sourceTree = "<group>"; };
		EB87FDF41871DAF40020F90C /* config.xml */ = {isa = PBXFileReference; lastKnownFileType = text.xml; name = config.xml; path = ../../config.xml; sourceTree = "<group>"; };
		F840E1F0165FE0F500CFE078 /* config.xml */ = {isa = PBXFileReference; lastKnownFileType = text.xml; name = config.xml; path = "TextTV.nu/config.xml"; sourceTree = "<group>"; };
		ED33DF2A687741AEAF9F8254 /* Bridging-Header.h */ = {isa = PBXFileReference; fileEncoding = 4; lastKnownFileType = sourcecode.c.h; name = "Bridging-Header.h"; path = "Bridging-Header.h"; sourceTree = "<group>"; };
		E95CCC1A4F6A48D3BDDDAA49 /* CDVPluginExt.m */ = {isa = PBXFileReference; name = "CDVPluginExt.m"; path = "cordova-plugin-extension/CDVPluginExt.m"; sourceTree = "<group>"; fileEncoding = 4; lastKnownFileType = sourcecode.c.objc; explicitFileType = undefined; includeInIndex = 0; };
		2A3444F7071D4E3687984685 /* libCordovaGenericAd.a */ = {isa = PBXFileReference; name = "libCordovaGenericAd.a"; path = "TextTV.nu/Plugins/cordova-plugin-extension/libCordovaGenericAd.a"; sourceTree = "<group>"; fileEncoding = undefined; lastKnownFileType = archive.ar; explicitFileType = undefined; includeInIndex = 0; };
		177073555A3F463AB4D66B9E /* PluginAdapterDelegate.h */ = {isa = PBXFileReference; name = "PluginAdapterDelegate.h"; path = "cordova-plugin-extension/PluginAdapterDelegate.h"; sourceTree = "<group>"; fileEncoding = 4; lastKnownFileType = sourcecode.c.h; explicitFileType = undefined; includeInIndex = 0; };
		A88A4328825D4034930CF497 /* CDVPluginExt.h */ = {isa = PBXFileReference; name = "CDVPluginExt.h"; path = "cordova-plugin-extension/CDVPluginExt.h"; sourceTree = "<group>"; fileEncoding = 4; lastKnownFileType = sourcecode.c.h; explicitFileType = undefined; includeInIndex = 0; };
		7A3BBA79632047B5929F28C0 /* GenericAdPlugin.h */ = {isa = PBXFileReference; name = "GenericAdPlugin.h"; path = "cordova-plugin-extension/GenericAdPlugin.h"; sourceTree = "<group>"; fileEncoding = 4; lastKnownFileType = sourcecode.c.h; explicitFileType = undefined; includeInIndex = 0; };
		58244623F3C84747818145C1 /* CFNetwork.framework */ = {isa = PBXFileReference; name = "CFNetwork.framework"; path = "System/Library/Frameworks/CFNetwork.framework"; sourceTree = SDKROOT; fileEncoding = undefined; lastKnownFileType = wrapper.framework; explicitFileType = undefined; includeInIndex = 0; };
		0C8B411E9E8C4BE2A9073E1B /* CDVAdMobPlugin.m */ = {isa = PBXFileReference; name = "CDVAdMobPlugin.m"; path = "cordova-plugin-admobpro/CDVAdMobPlugin.m"; sourceTree = "<group>"; fileEncoding = 4; lastKnownFileType = sourcecode.c.objc; explicitFileType = undefined; includeInIndex = 0; };
		F997285EFF9A4A43BFD0DDD0 /* AdMobMediation.m */ = {isa = PBXFileReference; name = "AdMobMediation.m"; path = "cordova-plugin-admobpro/AdMobMediation.m"; sourceTree = "<group>"; fileEncoding = 4; lastKnownFileType = sourcecode.c.objc; explicitFileType = undefined; includeInIndex = 0; };
		657FDB6438AA4DB8921D09C5 /* CDVAdMobPlugin.h */ = {isa = PBXFileReference; name = "CDVAdMobPlugin.h"; path = "cordova-plugin-admobpro/CDVAdMobPlugin.h"; sourceTree = "<group>"; fileEncoding = 4; lastKnownFileType = sourcecode.c.h; explicitFileType = undefined; includeInIndex = 0; };
		B5FA40057F1240B3B1DC21AE /* AdMobMediation.h */ = {isa = PBXFileReference; name = "AdMobMediation.h"; path = "cordova-plugin-admobpro/AdMobMediation.h"; sourceTree = "<group>"; fileEncoding = 4; lastKnownFileType = sourcecode.c.h; explicitFileType = undefined; includeInIndex = 0; };
		C01C08589D8148E7A072E28E /* GoogleMobileAds.framework */ = {isa = PBXFileReference; name = "GoogleMobileAds.framework"; path = "TextTV.nu/Plugins/cordova-plugin-admobpro/GoogleMobileAds.framework"; sourceTree = "<group>"; fileEncoding = undefined; lastKnownFileType = wrapper.framework; explicitFileType = undefined; includeInIndex = 0; };
		B49644E03E2E445BBD1C9124 /* AdSupport.framework */ = {isa = PBXFileReference; name = "AdSupport.framework"; path = "System/Library/Frameworks/AdSupport.framework"; sourceTree = SDKROOT; fileEncoding = undefined; lastKnownFileType = wrapper.framework; explicitFileType = undefined; includeInIndex = 0; };
		3456E52BF60D40F28278552B /* AudioToolbox.framework */ = {isa = PBXFileReference; name = "AudioToolbox.framework"; path = "System/Library/Frameworks/AudioToolbox.framework"; sourceTree = SDKROOT; fileEncoding = undefined; lastKnownFileType = wrapper.framework; explicitFileType = undefined; includeInIndex = 0; };
		724DC3F763EE4904B025B113 /* AVFoundation.framework */ = {isa = PBXFileReference; name = "AVFoundation.framework"; path = "System/Library/Frameworks/AVFoundation.framework"; sourceTree = SDKROOT; fileEncoding = undefined; lastKnownFileType = wrapper.framework; explicitFileType = undefined; includeInIndex = 0; };
		71BF5D1A26814EC9B62ED5FE /* CoreLocation.framework */ = {isa = PBXFileReference; name = "CoreLocation.framework"; path = "System/Library/Frameworks/CoreLocation.framework"; sourceTree = SDKROOT; fileEncoding = undefined; lastKnownFileType = wrapper.framework; explicitFileType = undefined; includeInIndex = 0; };
		94D66D55A34D4A3CBDC95E48 /* CoreTelephony.framework */ = {isa = PBXFileReference; name = "CoreTelephony.framework"; path = "System/Library/Frameworks/CoreTelephony.framework"; sourceTree = SDKROOT; fileEncoding = undefined; lastKnownFileType = wrapper.framework; explicitFileType = undefined; includeInIndex = 0; };
		A844A93D4362447D84019E21 /* EventKit.framework */ = {isa = PBXFileReference; name = "EventKit.framework"; path = "System/Library/Frameworks/EventKit.framework"; sourceTree = SDKROOT; fileEncoding = undefined; lastKnownFileType = wrapper.framework; explicitFileType = undefined; includeInIndex = 0; };
		B6BAC4AD14854771B8E66720 /* EventKitUI.framework */ = {isa = PBXFileReference; name = "EventKitUI.framework"; path = "System/Library/Frameworks/EventKitUI.framework"; sourceTree = SDKROOT; fileEncoding = undefined; lastKnownFileType = wrapper.framework; explicitFileType = undefined; includeInIndex = 0; };
		3FB0147F4AB84406A98B7105 /* Foundation.framework */ = {isa = PBXFileReference; name = "Foundation.framework"; path = "System/Library/Frameworks/Foundation.framework"; sourceTree = SDKROOT; fileEncoding = undefined; lastKnownFileType = wrapper.framework; explicitFileType = undefined; includeInIndex = 0; };
		7AD88606EDA2440DA2ACB28F /* MediaPlayer.framework */ = {isa = PBXFileReference; name = "MediaPlayer.framework"; path = "System/Library/Frameworks/MediaPlayer.framework"; sourceTree = SDKROOT; fileEncoding = undefined; lastKnownFileType = wrapper.framework; explicitFileType = undefined; includeInIndex = 0; };
		20F59F58291A44319517BDBE /* MessageUI.framework */ = {isa = PBXFileReference; name = "MessageUI.framework"; path = "System/Library/Frameworks/MessageUI.framework"; sourceTree = SDKROOT; fileEncoding = undefined; lastKnownFileType = wrapper.framework; explicitFileType = undefined; includeInIndex = 0; };
		FA62225003714362A46357F8 /* QuartzCore.framework */ = {isa = PBXFileReference; name = "QuartzCore.framework"; path = "System/Library/Frameworks/QuartzCore.framework"; sourceTree = SDKROOT; fileEncoding = undefined; lastKnownFileType = wrapper.framework; explicitFileType = undefined; includeInIndex = 0; };
		A879257D9023444AA98E495B /* StoreKit.framework */ = {isa = PBXFileReference; name = "StoreKit.framework"; path = "System/Library/Frameworks/StoreKit.framework"; sourceTree = SDKROOT; fileEncoding = undefined; lastKnownFileType = wrapper.framework; explicitFileType = undefined; includeInIndex = 0; };
		0EABF6F6FB5E44DC825B4725 /* SystemConfiguration.framework */ = {isa = PBXFileReference; name = "SystemConfiguration.framework"; path = "System/Library/Frameworks/SystemConfiguration.framework"; sourceTree = SDKROOT; fileEncoding = undefined; lastKnownFileType = wrapper.framework; explicitFileType = undefined; includeInIndex = 0; };
		DE103858491C4B2AA9AE0110 /* UIKit.framework */ = {isa = PBXFileReference; name = "UIKit.framework"; path = "System/Library/Frameworks/UIKit.framework"; sourceTree = SDKROOT; fileEncoding = undefined; lastKnownFileType = wrapper.framework; explicitFileType = undefined; includeInIndex = 0; };
		A7B6B84446C74EDCA714480E /* CDVLogger.m */ = {isa = PBXFileReference; name = "CDVLogger.m"; path = "cordova-plugin-console/CDVLogger.m"; sourceTree = "<group>"; fileEncoding = 4; lastKnownFileType = sourcecode.c.objc; explicitFileType = undefined; includeInIndex = 0; };
		685538015C55482B9719823B /* CDVLogger.h */ = {isa = PBXFileReference; name = "CDVLogger.h"; path = "cordova-plugin-console/CDVLogger.h"; sourceTree = "<group>"; fileEncoding = 4; lastKnownFileType = sourcecode.c.h; explicitFileType = undefined; includeInIndex = 0; };
		948E0C74E3534853BB0E929C /* CDVDevice.m */ = {isa = PBXFileReference; name = "CDVDevice.m"; path = "cordova-plugin-device/CDVDevice.m"; sourceTree = "<group>"; fileEncoding = 4; lastKnownFileType = sourcecode.c.objc; explicitFileType = undefined; includeInIndex = 0; };
		8A42558C59BB4C1D9CD222B7 /* CDVDevice.h */ = {isa = PBXFileReference; name = "CDVDevice.h"; path = "cordova-plugin-device/CDVDevice.h"; sourceTree = "<group>"; fileEncoding = 4; lastKnownFileType = sourcecode.c.h; explicitFileType = undefined; includeInIndex = 0; };
		FFE9BCACA6054E41A9FA47A3 /* UniversalAnalyticsPlugin.m */ = {isa = PBXFileReference; name = "UniversalAnalyticsPlugin.m"; path = "cordova-plugin-google-analytics/UniversalAnalyticsPlugin.m"; sourceTree = "<group>"; fileEncoding = 4; lastKnownFileType = sourcecode.c.objc; explicitFileType = undefined; includeInIndex = 0; };
		2A7F486B81814907BF2902E4 /* libGoogleAnalyticsServices.a */ = {isa = PBXFileReference; name = "libGoogleAnalyticsServices.a"; path = "TextTV.nu/Plugins/cordova-plugin-google-analytics/libGoogleAnalyticsServices.a"; sourceTree = "<group>"; fileEncoding = undefined; lastKnownFileType = archive.ar; explicitFileType = undefined; includeInIndex = 0; };
		8D760612E49543E29A239877 /* UniversalAnalyticsPlugin.h */ = {isa = PBXFileReference; name = "UniversalAnalyticsPlugin.h"; path = "cordova-plugin-google-analytics/UniversalAnalyticsPlugin.h"; sourceTree = "<group>"; fileEncoding = 4; lastKnownFileType = sourcecode.c.h; explicitFileType = undefined; includeInIndex = 0; };
		3819A89B183548A5B7BB3E30 /* GAIDictionaryBuilder.h */ = {isa = PBXFileReference; name = "GAIDictionaryBuilder.h"; path = "cordova-plugin-google-analytics/GAIDictionaryBuilder.h"; sourceTree = "<group>"; fileEncoding = 4; lastKnownFileType = sourcecode.c.h; explicitFileType = undefined; includeInIndex = 0; };
		EF0B1402A96E49D1948D8912 /* GAIFields.h */ = {isa = PBXFileReference; name = "GAIFields.h"; path = "cordova-plugin-google-analytics/GAIFields.h"; sourceTree = "<group>"; fileEncoding = 4; lastKnownFileType = sourcecode.c.h; explicitFileType = undefined; includeInIndex = 0; };
		F8202B63000349A49B411640 /* GAILogger.h */ = {isa = PBXFileReference; name = "GAILogger.h"; path = "cordova-plugin-google-analytics/GAILogger.h"; sourceTree = "<group>"; fileEncoding = 4; lastKnownFileType = sourcecode.c.h; explicitFileType = undefined; includeInIndex = 0; };
		2000B02511374158940ACFF2 /* GAITrackedViewController.h */ = {isa = PBXFileReference; name = "GAITrackedViewController.h"; path = "cordova-plugin-google-analytics/GAITrackedViewController.h"; sourceTree = "<group>"; fileEncoding = 4; lastKnownFileType = sourcecode.c.h; explicitFileType = undefined; includeInIndex = 0; };
		4A0434DB5F13409AB20D2ECF /* GAI.h */ = {isa = PBXFileReference; name = "GAI.h"; path = "cordova-plugin-google-analytics/GAI.h"; sourceTree = "<group>"; fileEncoding = 4; lastKnownFileType = sourcecode.c.h; explicitFileType = undefined; includeInIndex = 0; };
		995A0F27D52C443A97FF7B4C /* GAITracker.h */ = {isa = PBXFileReference; name = "GAITracker.h"; path = "cordova-plugin-google-analytics/GAITracker.h"; sourceTree = "<group>"; fileEncoding = 4; lastKnownFileType = sourcecode.c.h; explicitFileType = undefined; includeInIndex = 0; };
		8396884D92234936A1A4FD55 /* GAIEcommerceFields.h */ = {isa = PBXFileReference; name = "GAIEcommerceFields.h"; path = "cordova-plugin-google-analytics/GAIEcommerceFields.h"; sourceTree = "<group>"; fileEncoding = 4; lastKnownFileType = sourcecode.c.h; explicitFileType = undefined; includeInIndex = 0; };
		2770DCA4B62443FBBFACDFB3 /* GAIEcommerceProduct.h */ = {isa = PBXFileReference; name = "GAIEcommerceProduct.h"; path = "cordova-plugin-google-analytics/GAIEcommerceProduct.h"; sourceTree = "<group>"; fileEncoding = 4; lastKnownFileType = sourcecode.c.h; explicitFileType = undefined; includeInIndex = 0; };
		B69AFC58B242405FB05560CE /* GAIEcommerceProductAction.h */ = {isa = PBXFileReference; name = "GAIEcommerceProductAction.h"; path = "cordova-plugin-google-analytics/GAIEcommerceProductAction.h"; sourceTree = "<group>"; fileEncoding = 4; lastKnownFileType = sourcecode.c.h; explicitFileType = undefined; includeInIndex = 0; };
		695557856F824DE8B3A146BB /* GAIEcommercePromotion.h */ = {isa = PBXFileReference; name = "GAIEcommercePromotion.h"; path = "cordova-plugin-google-analytics/GAIEcommercePromotion.h"; sourceTree = "<group>"; fileEncoding = 4; lastKnownFileType = sourcecode.c.h; explicitFileType = undefined; includeInIndex = 0; };
		0ED3B0AFC2664D0DB3289DEA /* CoreData.framework */ = {isa = PBXFileReference; name = "CoreData.framework"; path = "System/Library/Frameworks/CoreData.framework"; sourceTree = SDKROOT; fileEncoding = undefined; lastKnownFileType = wrapper.framework; explicitFileType = undefined; includeInIndex = 0; };
		D72A5A7E06D1408794F576E5 /* libz.dylib */ = {isa = PBXFileReference; name = "libz.dylib"; path = "usr/lib/libz.dylib"; sourceTree = SDKROOT; fileEncoding = undefined; lastKnownFileType = compiled.mach-o.dylib; explicitFileType = undefined; includeInIndex = 0; };
		23C30E3877134D84A09B1611 /* libsqlite3.dylib */ = {isa = PBXFileReference; name = "libsqlite3.dylib"; path = "usr/lib/libsqlite3.dylib"; sourceTree = SDKROOT; fileEncoding = undefined; lastKnownFileType = compiled.mach-o.dylib; explicitFileType = undefined; includeInIndex = 0; };
		476E21F541AF48FB9A7A888B /* CDVInAppBrowser.m */ = {isa = PBXFileReference; name = "CDVInAppBrowser.m"; path = "cordova-plugin-inappbrowser/CDVInAppBrowser.m"; sourceTree = "<group>"; fileEncoding = 4; lastKnownFileType = sourcecode.c.objc; explicitFileType = undefined; includeInIndex = 0; };
		F917EFFD48EF4965A918B9F6 /* CDVInAppBrowser.h */ = {isa = PBXFileReference; name = "CDVInAppBrowser.h"; path = "cordova-plugin-inappbrowser/CDVInAppBrowser.h"; sourceTree = "<group>"; fileEncoding = 4; lastKnownFileType = sourcecode.c.h; explicitFileType = undefined; includeInIndex = 0; };
		F5A64C0081914B6CAD9AB1BB /* CDVSplashScreen.m */ = {isa = PBXFileReference; name = "CDVSplashScreen.m"; path = "cordova-plugin-splashscreen/CDVSplashScreen.m"; sourceTree = "<group>"; fileEncoding = 4; lastKnownFileType = sourcecode.c.objc; explicitFileType = undefined; includeInIndex = 0; };
		25909B979397463C8079D575 /* CDVViewController+SplashScreen.m */ = {isa = PBXFileReference; name = "CDVViewController+SplashScreen.m"; path = "cordova-plugin-splashscreen/CDVViewController+SplashScreen.m"; sourceTree = "<group>"; fileEncoding = 4; lastKnownFileType = sourcecode.c.objc; explicitFileType = undefined; includeInIndex = 0; };
		26E5C478D82A41A8851633AD /* CDVSplashScreen.h */ = {isa = PBXFileReference; name = "CDVSplashScreen.h"; path = "cordova-plugin-splashscreen/CDVSplashScreen.h"; sourceTree = "<group>"; fileEncoding = 4; lastKnownFileType = sourcecode.c.h; explicitFileType = undefined; includeInIndex = 0; };
		BFAC02B04CA341888208BB70 /* CDVViewController+SplashScreen.h */ = {isa = PBXFileReference; name = "CDVViewController+SplashScreen.h"; path = "cordova-plugin-splashscreen/CDVViewController+SplashScreen.h"; sourceTree = "<group>"; fileEncoding = 4; lastKnownFileType = sourcecode.c.h; explicitFileType = undefined; includeInIndex = 0; };
		D0A4B3F55382472499E44109 /* CDVStatusBar.m */ = {isa = PBXFileReference; name = "CDVStatusBar.m"; path = "cordova-plugin-statusbar/CDVStatusBar.m"; sourceTree = "<group>"; fileEncoding = 4; lastKnownFileType = sourcecode.c.objc; explicitFileType = undefined; includeInIndex = 0; };
		3D21296D91AA4D459D7CB00B /* CDVStatusBar.h */ = {isa = PBXFileReference; name = "CDVStatusBar.h"; path = "cordova-plugin-statusbar/CDVStatusBar.h"; sourceTree = "<group>"; fileEncoding = 4; lastKnownFileType = sourcecode.c.h; explicitFileType = undefined; includeInIndex = 0; };
		AA4027DB20944A21AD4B0774 /* NSString+URLEncoding.m */ = {isa = PBXFileReference; name = "NSString+URLEncoding.m"; path = "cordova-plugin-x-socialsharing/NSString+URLEncoding.m"; sourceTree = "<group>"; fileEncoding = 4; lastKnownFileType = sourcecode.c.objc; explicitFileType = undefined; includeInIndex = 0; };
		C88619DDD98645889E41446B /* SocialSharing.m */ = {isa = PBXFileReference; name = "SocialSharing.m"; path = "cordova-plugin-x-socialsharing/SocialSharing.m"; sourceTree = "<group>"; fileEncoding = 4; lastKnownFileType = sourcecode.c.objc; explicitFileType = undefined; includeInIndex = 0; };
		87E89B4ED4924789BBB2A729 /* NSString+URLEncoding.h */ = {isa = PBXFileReference; name = "NSString+URLEncoding.h"; path = "cordova-plugin-x-socialsharing/NSString+URLEncoding.h"; sourceTree = "<group>"; fileEncoding = 4; lastKnownFileType = sourcecode.c.h; explicitFileType = undefined; includeInIndex = 0; };
		E1A8655A115F4A8EB27D95BC /* SocialSharing.h */ = {isa = PBXFileReference; name = "SocialSharing.h"; path = "cordova-plugin-x-socialsharing/SocialSharing.h"; sourceTree = "<group>"; fileEncoding = 4; lastKnownFileType = sourcecode.c.h; explicitFileType = undefined; includeInIndex = 0; };
		C0F24E7119E148DFB25CF349 /* Social.framework */ = {isa = PBXFileReference; name = "Social.framework"; path = "System/Library/Frameworks/Social.framework"; sourceTree = SDKROOT; fileEncoding = undefined; lastKnownFileType = wrapper.framework; explicitFileType = undefined; includeInIndex = 0; };
/* End PBXFileReference section */

/* Begin PBXFrameworksBuildPhase section */
		1D60588F0D05DD3D006BFB54 /* Frameworks */ = {
			isa = PBXFrameworksBuildPhase;
			buildActionMask = 2147483647;
			files = (
				301BF552109A68D80062928A /* libCordova.a in Frameworks */,
				B2760111D068495C88E4030A /* libCordovaGenericAd.a in Frameworks */,
				D9091743226B44D9AFF5C905 /* CFNetwork.framework in Frameworks */,
				555AE474BB0F47A2B85C8D8C /* GoogleMobileAds.framework in Frameworks */,
				3446F5E719F44363AE699732 /* AdSupport.framework in Frameworks */,
				498AA3FD7810404589D07405 /* AudioToolbox.framework in Frameworks */,
				38A5F7533FCD4B61A1DE563F /* AVFoundation.framework in Frameworks */,
				DD450BFED24E4D5DAE36C270 /* CoreLocation.framework in Frameworks */,
				7B8B182C339D4292BC56F266 /* CoreTelephony.framework in Frameworks */,
				A29EB2CC1DC74CF2908D7409 /* EventKit.framework in Frameworks */,
				86E3610B54C74609B8102F2B /* EventKitUI.framework in Frameworks */,
				FC6D889E4CF24557B86B4625 /* Foundation.framework in Frameworks */,
				E245A9DB7EE14BE79187B3A4 /* MediaPlayer.framework in Frameworks */,
				EA764FC0448A40469254053E /* MessageUI.framework in Frameworks */,
				9D0D3910AAB6404C89AB6F63 /* QuartzCore.framework in Frameworks */,
				2294FE80858843C3AE081CAF /* StoreKit.framework in Frameworks */,
				3369997A5FD446A58011B82D /* SystemConfiguration.framework in Frameworks */,
				D71218FF7869460EA78A133E /* UIKit.framework in Frameworks */,
				979670F6EDC249D2A454BEB0 /* libGoogleAnalyticsServices.a in Frameworks */,
				1CBE1BE8736B4732AD0C7F83 /* CoreData.framework in Frameworks */,
				134EB9D6488448F5A44E9647 /* libz.dylib in Frameworks */,
				C7DFC1DFC7A74067A4BFABE8 /* libsqlite3.dylib in Frameworks */,
				EB9980C2E8D34791964BFE03 /* Social.framework in Frameworks */,
			);
			runOnlyForDeploymentPostprocessing = 0;
		};
/* End PBXFrameworksBuildPhase section */

/* Begin PBXGroup section */
		080E96DDFE201D6D7F000001 /* Classes */ = {
			isa = PBXGroup;
			children = (
				302D95EE14D2391D003F00A1 /* MainViewController.h */,
				302D95EF14D2391D003F00A1 /* MainViewController.m */,
				302D95F014D2391D003F00A1 /* MainViewController.xib */,
				1D3623240D0F684500981E51 /* AppDelegate.h */,
				1D3623250D0F684500981E51 /* AppDelegate.m */,
			);
			name = Classes;
			path = "TextTV.nu/Classes";
			sourceTree = SOURCE_ROOT;
		};
		19C28FACFE9D520D11CA2CBB /* Products */ = {
			isa = PBXGroup;
			children = (
				1D6058910D05DD3D006BFB54 /* TextTV.nu.app */,
			);
			name = Products;
			sourceTree = "<group>";
		};
		29B97314FDCFA39411CA2CEA /* CustomTemplate */ = {
			isa = PBXGroup;
			children = (
				EB87FDF41871DAF40020F90C /* config.xml */,
				EB87FDF31871DA8E0020F90C /* www */,
				EB87FDF11871DA420020F90C /* Staging */,
				301BF52D109A57CC0062928A /* CordovaLib.xcodeproj */,
				080E96DDFE201D6D7F000001 /* Classes */,
				307C750510C5A3420062BCA9 /* Plugins */,
				29B97315FDCFA39411CA2CEA /* Other Sources */,
				29B97317FDCFA39411CA2CEA /* Resources */,
				29B97323FDCFA39411CA2CEA /* Frameworks */,
				19C28FACFE9D520D11CA2CBB /* Products */,
			);
			name = CustomTemplate;
			sourceTree = "<group>";
		};
		29B97315FDCFA39411CA2CEA /* Other Sources */ = {
			isa = PBXGroup;
			children = (
				32CA4F630368D1EE00C91783 /* TextTV.nu-Prefix.pch */,
				29B97316FDCFA39411CA2CEA /* main.m */,
				ED33DF2A687741AEAF9F8254 /* Bridging-Header.h */,
			);
			name = "Other Sources";
			path = "TextTV.nu";
			sourceTree = "<group>";
		};
		29B97317FDCFA39411CA2CEA /* Resources */ = {
			isa = PBXGroup;
			children = (
				0207DA571B56EA530066E2B4 /* Images.xcassets */,
				3047A50E1AB8057F00498E2A /* config */,
				8D1107310486CEB800E47090 /* TextTV.nu-Info.plist */,
			);
			name = Resources;
			path = "TextTV.nu/Resources";
			sourceTree = "<group>";
		};
		29B97323FDCFA39411CA2CEA /* Frameworks */ = {
			isa = PBXGroup;
			children = (
				2A3444F7071D4E3687984685 /* libCordovaGenericAd.a */,
				58244623F3C84747818145C1 /* CFNetwork.framework */,
				C01C08589D8148E7A072E28E /* GoogleMobileAds.framework */,
				B49644E03E2E445BBD1C9124 /* AdSupport.framework */,
				3456E52BF60D40F28278552B /* AudioToolbox.framework */,
				724DC3F763EE4904B025B113 /* AVFoundation.framework */,
				71BF5D1A26814EC9B62ED5FE /* CoreLocation.framework */,
				94D66D55A34D4A3CBDC95E48 /* CoreTelephony.framework */,
				A844A93D4362447D84019E21 /* EventKit.framework */,
				B6BAC4AD14854771B8E66720 /* EventKitUI.framework */,
				3FB0147F4AB84406A98B7105 /* Foundation.framework */,
				7AD88606EDA2440DA2ACB28F /* MediaPlayer.framework */,
				20F59F58291A44319517BDBE /* MessageUI.framework */,
				FA62225003714362A46357F8 /* QuartzCore.framework */,
				A879257D9023444AA98E495B /* StoreKit.framework */,
				0EABF6F6FB5E44DC825B4725 /* SystemConfiguration.framework */,
				DE103858491C4B2AA9AE0110 /* UIKit.framework */,
				2A7F486B81814907BF2902E4 /* libGoogleAnalyticsServices.a */,
				0ED3B0AFC2664D0DB3289DEA /* CoreData.framework */,
				D72A5A7E06D1408794F576E5 /* libz.dylib */,
				23C30E3877134D84A09B1611 /* libsqlite3.dylib */,
				C0F24E7119E148DFB25CF349 /* Social.framework */,
			);
			name = Frameworks;
			sourceTree = "<group>";
		};
		301BF52E109A57CC0062928A /* Products */ = {
			isa = PBXGroup;
			children = (
				301BF535109A57CC0062928A /* libCordova.a */,
			);
			name = Products;
			sourceTree = "<group>";
		};
		3047A50E1AB8057F00498E2A /* config */ = {
			isa = PBXGroup;
			children = (
				3047A50F1AB8059700498E2A /* build-debug.xcconfig */,
				3047A5101AB8059700498E2A /* build-release.xcconfig */,
				3047A5111AB8059700498E2A /* build.xcconfig */,
			);
			name = config;
			sourceTree = "<group>";
		};
		307C750510C5A3420062BCA9 /* Plugins */ = {
			isa = PBXGroup;
			children = (
				E95CCC1A4F6A48D3BDDDAA49 /* CDVPluginExt.m */,
				177073555A3F463AB4D66B9E /* PluginAdapterDelegate.h */,
				A88A4328825D4034930CF497 /* CDVPluginExt.h */,
				7A3BBA79632047B5929F28C0 /* GenericAdPlugin.h */,
				0C8B411E9E8C4BE2A9073E1B /* CDVAdMobPlugin.m */,
				F997285EFF9A4A43BFD0DDD0 /* AdMobMediation.m */,
				657FDB6438AA4DB8921D09C5 /* CDVAdMobPlugin.h */,
				B5FA40057F1240B3B1DC21AE /* AdMobMediation.h */,
				A7B6B84446C74EDCA714480E /* CDVLogger.m */,
				685538015C55482B9719823B /* CDVLogger.h */,
				948E0C74E3534853BB0E929C /* CDVDevice.m */,
				8A42558C59BB4C1D9CD222B7 /* CDVDevice.h */,
				FFE9BCACA6054E41A9FA47A3 /* UniversalAnalyticsPlugin.m */,
				8D760612E49543E29A239877 /* UniversalAnalyticsPlugin.h */,
				3819A89B183548A5B7BB3E30 /* GAIDictionaryBuilder.h */,
				EF0B1402A96E49D1948D8912 /* GAIFields.h */,
				F8202B63000349A49B411640 /* GAILogger.h */,
				2000B02511374158940ACFF2 /* GAITrackedViewController.h */,
				4A0434DB5F13409AB20D2ECF /* GAI.h */,
				995A0F27D52C443A97FF7B4C /* GAITracker.h */,
				8396884D92234936A1A4FD55 /* GAIEcommerceFields.h */,
				2770DCA4B62443FBBFACDFB3 /* GAIEcommerceProduct.h */,
				B69AFC58B242405FB05560CE /* GAIEcommerceProductAction.h */,
				695557856F824DE8B3A146BB /* GAIEcommercePromotion.h */,
				476E21F541AF48FB9A7A888B /* CDVInAppBrowser.m */,
				F917EFFD48EF4965A918B9F6 /* CDVInAppBrowser.h */,
				F5A64C0081914B6CAD9AB1BB /* CDVSplashScreen.m */,
				25909B979397463C8079D575 /* CDVViewController+SplashScreen.m */,
				26E5C478D82A41A8851633AD /* CDVSplashScreen.h */,
				BFAC02B04CA341888208BB70 /* CDVViewController+SplashScreen.h */,
				D0A4B3F55382472499E44109 /* CDVStatusBar.m */,
				3D21296D91AA4D459D7CB00B /* CDVStatusBar.h */,
				AA4027DB20944A21AD4B0774 /* NSString+URLEncoding.m */,
				C88619DDD98645889E41446B /* SocialSharing.m */,
				87E89B4ED4924789BBB2A729 /* NSString+URLEncoding.h */,
				E1A8655A115F4A8EB27D95BC /* SocialSharing.h */,
			);
			name = Plugins;
			path = "TextTV.nu/Plugins";
			sourceTree = SOURCE_ROOT;
		};
		EB87FDF11871DA420020F90C /* Staging */ = {
			isa = PBXGroup;
			children = (
				F840E1F0165FE0F500CFE078 /* config.xml */,
				301BF56E109A69640062928A /* www */,
			);
			name = Staging;
			sourceTree = "<group>";
		};
/* End PBXGroup section */

/* Begin PBXNativeTarget section */
		1D6058900D05DD3D006BFB54 /* TextTV.nu */ = {
			isa = PBXNativeTarget;
			buildConfigurationList = 1D6058960D05DD3E006BFB54 /* Build configuration list for PBXNativeTarget "TextTV.nu" */;
			buildPhases = (
				304B58A110DAC018002A0835 /* Copy www directory */,
				1D60588D0D05DD3D006BFB54 /* Resources */,
				1D60588E0D05DD3D006BFB54 /* Sources */,
				1D60588F0D05DD3D006BFB54 /* Frameworks */,
			);
			buildRules = (
			);
			dependencies = (
				301BF551109A68C00062928A /* PBXTargetDependency */,
			);
			name = "TextTV.nu";
			productName = "TextTV.nu";
			productReference = 1D6058910D05DD3D006BFB54 /* TextTV.nu.app */;
			productType = "com.apple.product-type.application";
		};
/* End PBXNativeTarget section */

/* Begin PBXProject section */
		29B97313FDCFA39411CA2CEA /* Project object */ = {
			isa = PBXProject;
			attributes = {
				LastUpgradeCheck = 510;
			};
			buildConfigurationList = C01FCF4E08A954540054247B /* Build configuration list for PBXProject "__NON-CLI__" */;
			compatibilityVersion = "Xcode 3.2";
			developmentRegion = English;
			hasScannedForEncodings = 1;
			mainGroup = 29B97314FDCFA39411CA2CEA /* CustomTemplate */;
			projectDirPath = "";
			projectReferences = (
				{
					ProductGroup = 301BF52E109A57CC0062928A /* Products */;
					ProjectRef = 301BF52D109A57CC0062928A /* CordovaLib.xcodeproj */;
				},
			);
			projectRoot = "";
			targets = (
				1D6058900D05DD3D006BFB54 /* TextTV.nu */,
			);
		};
/* End PBXProject section */

/* Begin PBXReferenceProxy section */
		301BF535109A57CC0062928A /* libCordova.a */ = {
			isa = PBXReferenceProxy;
			fileType = archive.ar;
			path = libCordova.a;
			remoteRef = 301BF534109A57CC0062928A /* PBXContainerItemProxy */;
			sourceTree = BUILT_PRODUCTS_DIR;
		};
/* End PBXReferenceProxy section */

/* Begin PBXResourcesBuildPhase section */
		1D60588D0D05DD3D006BFB54 /* Resources */ = {
			isa = PBXResourcesBuildPhase;
			buildActionMask = 2147483647;
			files = (
				302D95F214D2391D003F00A1 /* MainViewController.xib in Resources */,
				3047A5131AB8059700498E2A /* build-release.xcconfig in Resources */,
				3047A5141AB8059700498E2A /* build.xcconfig in Resources */,
				0207DA581B56EA530066E2B4 /* Images.xcassets in Resources */,
				3047A5121AB8059700498E2A /* build-debug.xcconfig in Resources */,
			);
			runOnlyForDeploymentPostprocessing = 0;
		};
/* End PBXResourcesBuildPhase section */

/* Begin PBXShellScriptBuildPhase section */
		304B58A110DAC018002A0835 /* Copy www directory */ = {
			isa = PBXShellScriptBuildPhase;
			buildActionMask = 2147483647;
			files = (
			);
			inputPaths = (
			);
			name = "Copy www directory";
			outputPaths = (
			);
			runOnlyForDeploymentPostprocessing = 0;
			shellPath = /bin/sh;
			shellScript = "NODEJS_PATH=/usr/local/bin; NVM_NODE_PATH=~/.nvm/versions/node/`nvm version 2>/dev/null`/bin; N_NODE_PATH=`find /usr/local/n/versions/node/* -maxdepth 0 -type d 2>/dev/null | tail -1`/bin; XCODE_NODE_PATH=`xcode-select --print-path`/usr/share/xcs/Node/bin; PATH=$NODEJS_PATH:$NVM_NODE_PATH:$N_NODE_PATH:$XCODE_NODE_PATH:$PATH && node cordova/lib/copy-www-build-step.js";
			showEnvVarsInLog = 0;
		};
/* End PBXShellScriptBuildPhase section */

/* Begin PBXSourcesBuildPhase section */
		1D60588E0D05DD3D006BFB54 /* Sources */ = {
			isa = PBXSourcesBuildPhase;
			buildActionMask = 2147483647;
			files = (
				1D60589B0D05DD56006BFB54 /* main.m in Sources */,
				1D3623260D0F684500981E51 /* AppDelegate.m in Sources */,
				302D95F114D2391D003F00A1 /* MainViewController.m in Sources */,
				50020D3671614526B98082F1 /* CDVPluginExt.m in Sources */,
				1988065A524043E38969DA8A /* CDVAdMobPlugin.m in Sources */,
				901F19B583604574AEA9FA9C /* AdMobMediation.m in Sources */,
				F4CBB8EE874343B388DA4B54 /* CDVLogger.m in Sources */,
				381E54B000434645A042FC97 /* CDVDevice.m in Sources */,
				A4787CC8FDC54262A8B7E49B /* UniversalAnalyticsPlugin.m in Sources */,
				9571A479E70D4B8AB8ABECAE /* CDVInAppBrowser.m in Sources */,
				9D84F59F28CE4FEAB4FC9D8D /* CDVSplashScreen.m in Sources */,
				789EEDDBE14A42EEB0DA9204 /* CDVViewController+SplashScreen.m in Sources */,
				5D66A0F7F95E496EBE637EE6 /* CDVStatusBar.m in Sources */,
				2E0CF0CBC7C946009F782BB3 /* NSString+URLEncoding.m in Sources */,
				BDC4651BFD8B49BC8045DFA9 /* SocialSharing.m in Sources */,
			);
			runOnlyForDeploymentPostprocessing = 0;
		};
/* End PBXSourcesBuildPhase section */

/* Begin PBXTargetDependency section */
		301BF551109A68C00062928A /* PBXTargetDependency */ = {
			isa = PBXTargetDependency;
			name = CordovaLib;
			targetProxy = 301BF550109A68C00062928A /* PBXContainerItemProxy */;
		};
/* End PBXTargetDependency section */

/* Begin XCBuildConfiguration section */
		1D6058940D05DD3E006BFB54 /* Debug */ = {
			isa = XCBuildConfiguration;
			baseConfigurationReference = 3047A50F1AB8059700498E2A /* build-debug.xcconfig */;
			buildSettings = {
				ALWAYS_SEARCH_USER_PATHS = NO;
				ASSETCATALOG_COMPILER_APPICON_NAME = AppIcon;
				ASSETCATALOG_COMPILER_LAUNCHIMAGE_NAME = LaunchImage;
				CLANG_ENABLE_MODULES = YES;
				CLANG_ENABLE_OBJC_ARC = YES;
				COPY_PHASE_STRIP = NO;
				GCC_DYNAMIC_NO_PIC = NO;
				GCC_OPTIMIZATION_LEVEL = 0;
				GCC_PRECOMPILE_PREFIX_HEADER = YES;
				GCC_PREFIX_HEADER = "TextTV.nu/TextTV.nu-Prefix.pch";
				GCC_THUMB_SUPPORT = NO;
				GCC_VERSION = "";
				INFOPLIST_FILE = "TextTV.nu/TextTV.nu-Info.plist";
				LD_RUNPATH_SEARCH_PATHS = "@executable_path/Frameworks";
				PRODUCT_NAME = "TextTV.nu";
				LIBRARY_SEARCH_PATHS = (
					"$(inherited)",
					"\"$(SRCROOT)/TextTV.nu/Plugins/cordova-plugin-extension\"",
					"\"$(SRCROOT)/TextTV.nu/Plugins/cordova-plugin-google-analytics\"",
				);
				FRAMEWORK_SEARCH_PATHS = (
					"$(inherited)",
					"\"TextTV.nu/Plugins/cordova-plugin-admobpro\"",
				);
			};
			name = Debug;
		};
		1D6058950D05DD3E006BFB54 /* Release */ = {
			isa = XCBuildConfiguration;
			baseConfigurationReference = 3047A5101AB8059700498E2A /* build-release.xcconfig */;
			buildSettings = {
				ALWAYS_SEARCH_USER_PATHS = NO;
				ASSETCATALOG_COMPILER_APPICON_NAME = AppIcon;
				ASSETCATALOG_COMPILER_LAUNCHIMAGE_NAME = LaunchImage;
				CLANG_ENABLE_MODULES = YES;
				CLANG_ENABLE_OBJC_ARC = YES;
				COPY_PHASE_STRIP = YES;
				GCC_PRECOMPILE_PREFIX_HEADER = YES;
				GCC_PREFIX_HEADER = "TextTV.nu/TextTV.nu-Prefix.pch";
				GCC_THUMB_SUPPORT = NO;
				GCC_VERSION = "";
				INFOPLIST_FILE = "TextTV.nu/TextTV.nu-Info.plist";
				PRODUCT_NAME = "TextTV.nu";
				LIBRARY_SEARCH_PATHS = (
					"$(inherited)",
					"\"$(SRCROOT)/TextTV.nu/Plugins/cordova-plugin-extension\"",
					"\"$(SRCROOT)/TextTV.nu/Plugins/cordova-plugin-google-analytics\"",
				);
				FRAMEWORK_SEARCH_PATHS = (
					"$(inherited)",
					"\"TextTV.nu/Plugins/cordova-plugin-admobpro\"",
				);
			};
			name = Release;
		};
		C01FCF4F08A954540054247B /* Debug */ = {
			isa = XCBuildConfiguration;
			baseConfigurationReference = 3047A5111AB8059700498E2A /* build.xcconfig */;
			buildSettings = {
				CLANG_ENABLE_MODULES = YES;
				CLANG_ENABLE_OBJC_ARC = YES;
				CLANG_WARN_BOOL_CONVERSION = YES;
				CLANG_WARN_CONSTANT_CONVERSION = YES;
				CLANG_WARN_EMPTY_BODY = YES;
				CLANG_WARN_ENUM_CONVERSION = YES;
				CLANG_WARN_INT_CONVERSION = YES;
				CLANG_WARN__DUPLICATE_METHOD_MATCH = YES;
				GCC_C_LANGUAGE_STANDARD = c99;
				GCC_THUMB_SUPPORT = NO;
				GCC_VERSION = "";
				GCC_WARN_ABOUT_RETURN_TYPE = YES;
				GCC_WARN_UNDECLARED_SELECTOR = YES;
				GCC_WARN_UNINITIALIZED_AUTOS = YES;
				GCC_WARN_UNUSED_FUNCTION = YES;
				GCC_WARN_UNUSED_VARIABLE = YES;
				ONLY_ACTIVE_ARCH = YES;
				SDKROOT = iphoneos;
				SKIP_INSTALL = NO;
			};
			name = Debug;
		};
		C01FCF5008A954540054247B /* Release */ = {
			isa = XCBuildConfiguration;
			baseConfigurationReference = 3047A5111AB8059700498E2A /* build.xcconfig */;
			buildSettings = {
				CLANG_ENABLE_MODULES = YES;
				CLANG_ENABLE_OBJC_ARC = YES;
				CLANG_WARN_BOOL_CONVERSION = YES;
				CLANG_WARN_CONSTANT_CONVERSION = YES;
				CLANG_WARN_EMPTY_BODY = YES;
				CLANG_WARN_ENUM_CONVERSION = YES;
				CLANG_WARN_INT_CONVERSION = YES;
				CLANG_WARN__DUPLICATE_METHOD_MATCH = YES;
				GCC_C_LANGUAGE_STANDARD = c99;
				GCC_THUMB_SUPPORT = NO;
				GCC_VERSION = "";
				GCC_WARN_ABOUT_RETURN_TYPE = YES;
				GCC_WARN_UNDECLARED_SELECTOR = YES;
				GCC_WARN_UNINITIALIZED_AUTOS = YES;
				GCC_WARN_UNUSED_FUNCTION = YES;
				GCC_WARN_UNUSED_VARIABLE = YES;
				SDKROOT = iphoneos;
				SKIP_INSTALL = NO;
			};
			name = Release;
		};
/* End XCBuildConfiguration section */

/* Begin XCConfigurationList section */
		1D6058960D05DD3E006BFB54 /* Build configuration list for PBXNativeTarget "TextTV.nu" */ = {
			isa = XCConfigurationList;
			buildConfigurations = (
				1D6058940D05DD3E006BFB54 /* Debug */,
				1D6058950D05DD3E006BFB54 /* Release */,
			);
			defaultConfigurationIsVisible = 0;
			defaultConfigurationName = Release;
		};
		C01FCF4E08A954540054247B /* Build configuration list for PBXProject "__NON-CLI__" */ = {
			isa = XCConfigurationList;
			buildConfigurations = (
				C01FCF4F08A954540054247B /* Debug */,
				C01FCF5008A954540054247B /* Release */,
			);
			defaultConfigurationIsVisible = 0;
			defaultConfigurationName = Release;
		};
/* End XCConfigurationList section */
	};
	rootObject = 29B97313FDCFA39411CA2CEA /* Project object */;
}
