// !$*UTF8*$!
{
	archiveVersion = 1;
	classes = {
	};
	objectVersion = 46;
	objects = {
/* Begin PBXBuildFile section */
		0207DA581B56EA530066E2B4 /* Images.xcassets in Resources */ = {isa = PBXBuildFile; fileRef = 0207DA571B56EA530066E2B4 /* Images.xcassets */; };
		1D3623260D0F684500981E51 /* AppDelegate.m in Sources */ = {isa = PBXBuildFile; fileRef = 1D3623250D0F684500981E51 /* AppDelegate.m */; };
		1D60589B0D05DD56006BFB54 /* main.m in Sources */ = {isa = PBXBuildFile; fileRef = 29B97316FDCFA39411CA2CEA /* main.m */; };
		301BF552109A68D80062928A /* libCordova.a in Frameworks */ = {isa = PBXBuildFile; fileRef = 301BF535109A57CC0062928A /* libCordova.a */; };
		302D95F114D2391D003F00A1 /* MainViewController.m in Sources */ = {isa = PBXBuildFile; fileRef = 302D95EF14D2391D003F00A1 /* MainViewController.m */; };
		302D95F214D2391D003F00A1 /* MainViewController.xib in Resources */ = {isa = PBXBuildFile; fileRef = 302D95F014D2391D003F00A1 /* MainViewController.xib */; };
		3047A5121AB8059700498E2A /* build-debug.xcconfig in Resources */ = {isa = PBXBuildFile; fileRef = 3047A50F1AB8059700498E2A /* build-debug.xcconfig */; };
		3047A5131AB8059700498E2A /* build-release.xcconfig in Resources */ = {isa = PBXBuildFile; fileRef = 3047A5101AB8059700498E2A /* build-release.xcconfig */; };
		3047A5141AB8059700498E2A /* build.xcconfig in Resources */ = {isa = PBXBuildFile; fileRef = 3047A5111AB8059700498E2A /* build.xcconfig */; };
		6AFF5BF91D6E424B00AB3073 /* CDVLaunchScreen.storyboard in Resources */ = {isa = PBXBuildFile; fileRef = 6AFF5BF81D6E424B00AB3073 /* CDVLaunchScreen.storyboard */; };
		4B8DDEF229C448C7A767C5FA /* CDVPluginExt.m in Sources */ = {isa = PBXBuildFile; fileRef = 8C86CD28F6B94837B503B7CE /* CDVPluginExt.m */; };
		7D5B81C1E6E04DB7A59ED876 /* libCordovaGenericAd.a in Frameworks */ = {isa = PBXBuildFile; fileRef = 480EB33B951D4530B8743492 /* libCordovaGenericAd.a */; };
		F36021FD9C124C4C99FEDAC6 /* CFNetwork.framework in Frameworks */ = {isa = PBXBuildFile; fileRef = D11620E5876A4BA8B97E9571 /* CFNetwork.framework */; };
		30A8D1B172364C6AB4B288B6 /* CDVAdMobPlugin.m in Sources */ = {isa = PBXBuildFile; fileRef = CB6A37E9C8B847CC9F3E3620 /* CDVAdMobPlugin.m */; };
		3E6A49B95B514D3686C66DAA /* AdMobMediation.m in Sources */ = {isa = PBXBuildFile; fileRef = 1AAA4AD09D984B71AD164AB4 /* AdMobMediation.m */; };
		705ED38D5E1A4D1686A76C8E /* GoogleMobileAds.framework in Frameworks */ = {isa = PBXBuildFile; fileRef = 6E2A11CB45BF4CA39CE38D45 /* GoogleMobileAds.framework */; };
		9A4615ED4BFB47A5B39E2A52 /* AdSupport.framework in Frameworks */ = {isa = PBXBuildFile; fileRef = 20A25B4AF1924D748C96FE70 /* AdSupport.framework */; };
		0C5E0E326A5D4C219AF8CD8D /* AudioToolbox.framework in Frameworks */ = {isa = PBXBuildFile; fileRef = 4B4E152E70BB4AB6B6B15C9B /* AudioToolbox.framework */; };
		D66CA50482D04EE18F58BA54 /* AVFoundation.framework in Frameworks */ = {isa = PBXBuildFile; fileRef = BF5B34734D5D408A81FEFE1A /* AVFoundation.framework */; };
		41BDE0414D0D4C9CBCA4B830 /* CoreBluetooth.framework in Frameworks */ = {isa = PBXBuildFile; fileRef = 604898894EB84EF0AB5FAD05 /* CoreBluetooth.framework */; };
		D4C41F745F104AF3BFB98DAF /* CoreLocation.framework in Frameworks */ = {isa = PBXBuildFile; fileRef = A0B74096DDDA462BA94C52CC /* CoreLocation.framework */; };
		2D2068CA516641AF959D58E4 /* CoreMedia.framework in Frameworks */ = {isa = PBXBuildFile; fileRef = AD4547F54BDC41049611669E /* CoreMedia.framework */; };
		BA67B9B30EB54C879A2DB833 /* CoreMotion.framework in Frameworks */ = {isa = PBXBuildFile; fileRef = 0852AD8E98EA44179DCB55CD /* CoreMotion.framework */; };
		DB5FE62189FB4A2ABA2A2934 /* CoreTelephony.framework in Frameworks */ = {isa = PBXBuildFile; fileRef = 35F0F725E6154421AD2F458A /* CoreTelephony.framework */; };
		1A6C852C83A549AF8C637992 /* CoreVideo.framework in Frameworks */ = {isa = PBXBuildFile; fileRef = C5ED5594F39D442B9A80A270 /* CoreVideo.framework */; };
		D93A58E9307140E2BF6DA128 /* EventKit.framework in Frameworks */ = {isa = PBXBuildFile; fileRef = E08A359649BA424D87E7F93D /* EventKit.framework */; };
		67602B0396B34888ACB67749 /* EventKitUI.framework in Frameworks */ = {isa = PBXBuildFile; fileRef = FA0AD0EC47564B7C825CC51C /* EventKitUI.framework */; };
		FD1CB36D02274A78862FFA23 /* Foundation.framework in Frameworks */ = {isa = PBXBuildFile; fileRef = 0BC5D0D96D1045FA942E020A /* Foundation.framework */; };
		21A391DA7E314BF182BF1B1C /* GLKit.framework in Frameworks */ = {isa = PBXBuildFile; fileRef = E78F3CDE472149A0BF581E4A /* GLKit.framework */; };
		EE1B13AB89EA48259C02A472 /* MediaPlayer.framework in Frameworks */ = {isa = PBXBuildFile; fileRef = 47202BA053D94EF584486EC8 /* MediaPlayer.framework */; };
		AD54895EB7334B969B4D6D6C /* MessageUI.framework in Frameworks */ = {isa = PBXBuildFile; fileRef = EF3FBDD29CB5485A913AC5DA /* MessageUI.framework */; };
		4F3DC6ADFC174E859C4C0911 /* OpenGLES.framework in Frameworks */ = {isa = PBXBuildFile; fileRef = 9444C84D82A94EC9BA2CDFD5 /* OpenGLES.framework */; };
		E6E5B5D5024E4E5191027403 /* SafariServices.framework in Frameworks */ = {isa = PBXBuildFile; fileRef = 04FB7DA07CCD40729F72E4C9 /* SafariServices.framework */; };
		FDCC0FF14DA44C9CB0E2B01F /* StoreKit.framework in Frameworks */ = {isa = PBXBuildFile; fileRef = 33D17F82D0534D4E86C93037 /* StoreKit.framework */; };
		F94DD06C4F2748098D013695 /* SystemConfiguration.framework in Frameworks */ = {isa = PBXBuildFile; fileRef = 696A3C500537426D85B69E8D /* SystemConfiguration.framework */; };
		9E19FC5A63AE45EDB677EAE1 /* UIKit.framework in Frameworks */ = {isa = PBXBuildFile; fileRef = 43805B343E914F31AAA84A2F /* UIKit.framework */; };
		3C4C6336F57344B0B6366CE3 /* CDVLogger.m in Sources */ = {isa = PBXBuildFile; fileRef = 148347B43D5F4FF283659D65 /* CDVLogger.m */; };
		64C0AAF4AFBB4F22BF84CC41 /* CDVDevice.m in Sources */ = {isa = PBXBuildFile; fileRef = C178566238D94E108E9DBBD1 /* CDVDevice.m */; };
		CD1F7AED37D24AD7940B51C7 /* UniversalAnalyticsPlugin.m in Sources */ = {isa = PBXBuildFile; fileRef = 2FBF1157CE4F4DDA9D993045 /* UniversalAnalyticsPlugin.m */; };
		9D8C16B5C84C42F28C0FA1B6 /* libGoogleAnalyticsServices.a in Frameworks */ = {isa = PBXBuildFile; fileRef = 98031707571245DDB3B75035 /* libGoogleAnalyticsServices.a */; };
		05DED3FB60A046D7BF29A7A3 /* libAdIdAccess.a in Frameworks */ = {isa = PBXBuildFile; fileRef = C3A92CE444014EED8B9516F1 /* libAdIdAccess.a */; };
		94AA5414B6C1455397D8F5AC /* CoreData.framework in Frameworks */ = {isa = PBXBuildFile; fileRef = E0B5E50501EA4BB089EF3761 /* CoreData.framework */; };
		D7BA2A633D47448790DDA327 /* libz.dylib in Frameworks */ = {isa = PBXBuildFile; fileRef = 77E91CB246F34F4A9510DA84 /* libz.dylib */; };
		7C1558D07BFD40AF8E186180 /* libsqlite3.dylib in Frameworks */ = {isa = PBXBuildFile; fileRef = A4A84F3BEF1A452C8BF3E71B /* libsqlite3.dylib */; };
		7F8ECB39DBD84C5ABBDEEF07 /* CDVInAppBrowser.m in Sources */ = {isa = PBXBuildFile; fileRef = 35BE69AC34754712B4DD08BB /* CDVInAppBrowser.m */; };
		AC2432C373C34535AA7A0BD0 /* CDVSplashScreen.m in Sources */ = {isa = PBXBuildFile; fileRef = 1AC0CCB9C7444A8C8521C2A8 /* CDVSplashScreen.m */; };
		9E51998B90F340359F1A65A0 /* CDVViewController+SplashScreen.m in Sources */ = {isa = PBXBuildFile; fileRef = 46C5ECC845D04AF995EF13D0 /* CDVViewController+SplashScreen.m */; };
		81989CE4C13F43C0AA40A30E /* CDVStatusBar.m in Sources */ = {isa = PBXBuildFile; fileRef = 4FBCF6BFDD7B4C91AD5ED315 /* CDVStatusBar.m */; };
		BFAF8B823A624635BC3CA313 /* NSString+URLEncoding.m in Sources */ = {isa = PBXBuildFile; fileRef = 40912C02D9624DAFB78CB601 /* NSString+URLEncoding.m */; };
		0B158031DC9D432B820BDE0C /* SocialSharing.m in Sources */ = {isa = PBXBuildFile; fileRef = F1ED77BA25D744DDA4992207 /* SocialSharing.m */; };
		701B11E074794EDC84CBF572 /* Social.framework in Frameworks */ = {isa = PBXBuildFile; fileRef = 4C6808BD0F0C48FA90A975B9 /* Social.framework */; settings = {ATTRIBUTES = (Weak, ); }; };
/* End PBXBuildFile section */

/* Begin PBXContainerItemProxy section */
		301BF534109A57CC0062928A /* PBXContainerItemProxy */ = {
			isa = PBXContainerItemProxy;
			containerPortal = 301BF52D109A57CC0062928A /* CordovaLib.xcodeproj */;
			proxyType = 2;
			remoteGlobalIDString = D2AAC07E0554694100DB518D;
			remoteInfo = CordovaLib;
		};
		301BF550109A68C00062928A /* PBXContainerItemProxy */ = {
			isa = PBXContainerItemProxy;
			containerPortal = 301BF52D109A57CC0062928A /* CordovaLib.xcodeproj */;
			proxyType = 1;
			remoteGlobalIDString = D2AAC07D0554694100DB518D;
			remoteInfo = CordovaLib;
		};
/* End PBXContainerItemProxy section */

/* Begin PBXFileReference section */
		0207DA571B56EA530066E2B4 /* Images.xcassets */ = {isa = PBXFileReference; lastKnownFileType = folder.assetcatalog; name = Images.xcassets; path = "TextTV.nu/Images.xcassets"; sourceTree = SOURCE_ROOT; };
		1D3623240D0F684500981E51 /* AppDelegate.h */ = {isa = PBXFileReference; fileEncoding = 4; lastKnownFileType = sourcecode.c.h; path = AppDelegate.h; sourceTree = "<group>"; };
		1D3623250D0F684500981E51 /* AppDelegate.m */ = {isa = PBXFileReference; fileEncoding = 4; lastKnownFileType = sourcecode.c.objc; path = AppDelegate.m; sourceTree = "<group>"; };
		1D6058910D05DD3D006BFB54 /* TextTV.nu.app */ = {isa = PBXFileReference; explicitFileType = wrapper.application; includeInIndex = 0; path = "TextTV.nu.app"; sourceTree = BUILT_PRODUCTS_DIR; };
		29B97316FDCFA39411CA2CEA /* main.m */ = {isa = PBXFileReference; fileEncoding = 4; lastKnownFileType = sourcecode.c.objc; path = main.m; sourceTree = "<group>"; };
		301BF52D109A57CC0062928A /* CordovaLib.xcodeproj */ = {isa = PBXFileReference; lastKnownFileType = "wrapper.pb-project"; path = CordovaLib/CordovaLib.xcodeproj; sourceTree = "<group>"; };
		301BF56E109A69640062928A /* www */ = {isa = PBXFileReference; lastKnownFileType = folder; path = www; sourceTree = SOURCE_ROOT; };
		302D95EE14D2391D003F00A1 /* MainViewController.h */ = {isa = PBXFileReference; fileEncoding = 4; lastKnownFileType = sourcecode.c.h; path = MainViewController.h; sourceTree = "<group>"; };
		302D95EF14D2391D003F00A1 /* MainViewController.m */ = {isa = PBXFileReference; fileEncoding = 4; lastKnownFileType = sourcecode.c.objc; path = MainViewController.m; sourceTree = "<group>"; };
		302D95F014D2391D003F00A1 /* MainViewController.xib */ = {isa = PBXFileReference; fileEncoding = 4; lastKnownFileType = file.xib; path = MainViewController.xib; sourceTree = "<group>"; };
		3047A50F1AB8059700498E2A /* build-debug.xcconfig */ = {isa = PBXFileReference; fileEncoding = 4; lastKnownFileType = text.xcconfig; name = "build-debug.xcconfig"; path = cordova/build-debug.xcconfig; sourceTree = SOURCE_ROOT; };
		3047A5101AB8059700498E2A /* build-release.xcconfig */ = {isa = PBXFileReference; fileEncoding = 4; lastKnownFileType = text.xcconfig; name = "build-release.xcconfig"; path = cordova/build-release.xcconfig; sourceTree = SOURCE_ROOT; };
		3047A5111AB8059700498E2A /* build.xcconfig */ = {isa = PBXFileReference; fileEncoding = 4; lastKnownFileType = text.xcconfig; name = build.xcconfig; path = cordova/build.xcconfig; sourceTree = SOURCE_ROOT; };
		32CA4F630368D1EE00C91783 /* TextTV.nu-Prefix.pch */ = {isa = PBXFileReference; fileEncoding = 4; lastKnownFileType = sourcecode.c.h; path = "TextTV.nu-Prefix.pch"; sourceTree = "<group>"; };
		6AFF5BF81D6E424B00AB3073 /* CDVLaunchScreen.storyboard */ = {isa = PBXFileReference; fileEncoding = 4; lastKnownFileType = file.storyboard; name = CDVLaunchScreen.storyboard; path = "TextTV.nu/CDVLaunchScreen.storyboard"; sourceTree = SOURCE_ROOT; };
		8D1107310486CEB800E47090 /* TextTV.nu-Info.plist */ = {isa = PBXFileReference; fileEncoding = 4; lastKnownFileType = text.plist.xml; name = "TextTV.nu-Info.plist"; path = "TextTV.nu/TextTV.nu-Info.plist"; plistStructureDefinitionIdentifier = "com.apple.xcode.plist.structure-definition.iphone.info-plist"; sourceTree = SOURCE_ROOT; };
		EB87FDF31871DA8E0020F90C /* www */ = {isa = PBXFileReference; lastKnownFileType = folder; name = www; path = ../../www; sourceTree = "<group>"; };
		EB87FDF41871DAF40020F90C /* config.xml */ = {isa = PBXFileReference; lastKnownFileType = text.xml; name = config.xml; path = ../../config.xml; sourceTree = "<group>"; };
		F840E1F0165FE0F500CFE078 /* config.xml */ = {isa = PBXFileReference; lastKnownFileType = text.xml; name = config.xml; path = "TextTV.nu/config.xml"; sourceTree = "<group>"; };
		ED33DF2A687741AEAF9F8254 /* Bridging-Header.h */ = {isa = PBXFileReference; fileEncoding = 4; lastKnownFileType = sourcecode.c.h; name = "Bridging-Header.h"; path = "Bridging-Header.h"; sourceTree = "<group>"; };
		8C86CD28F6B94837B503B7CE /* CDVPluginExt.m */ = {isa = PBXFileReference; name = "CDVPluginExt.m"; path = "cordova-plugin-extension/CDVPluginExt.m"; sourceTree = "<group>"; fileEncoding = 4; lastKnownFileType = sourcecode.c.objc; explicitFileType = undefined; includeInIndex = 0; };
		480EB33B951D4530B8743492 /* libCordovaGenericAd.a */ = {isa = PBXFileReference; name = "libCordovaGenericAd.a"; path = "TextTV.nu/Plugins/cordova-plugin-extension/libCordovaGenericAd.a"; sourceTree = "<group>"; fileEncoding = undefined; lastKnownFileType = archive.ar; explicitFileType = undefined; includeInIndex = 0; };
		5F2568C221644CF480D8133E /* PluginAdapterDelegate.h */ = {isa = PBXFileReference; name = "PluginAdapterDelegate.h"; path = "cordova-plugin-extension/PluginAdapterDelegate.h"; sourceTree = "<group>"; fileEncoding = 4; lastKnownFileType = sourcecode.c.h; explicitFileType = undefined; includeInIndex = 0; };
		244C9BC5521540839E12814D /* CDVPluginExt.h */ = {isa = PBXFileReference; name = "CDVPluginExt.h"; path = "cordova-plugin-extension/CDVPluginExt.h"; sourceTree = "<group>"; fileEncoding = 4; lastKnownFileType = sourcecode.c.h; explicitFileType = undefined; includeInIndex = 0; };
		CFF39DD9F7F54396B4C66328 /* GenericAdPlugin.h */ = {isa = PBXFileReference; name = "GenericAdPlugin.h"; path = "cordova-plugin-extension/GenericAdPlugin.h"; sourceTree = "<group>"; fileEncoding = 4; lastKnownFileType = sourcecode.c.h; explicitFileType = undefined; includeInIndex = 0; };
		D11620E5876A4BA8B97E9571 /* CFNetwork.framework */ = {isa = PBXFileReference; name = "CFNetwork.framework"; path = "System/Library/Frameworks/CFNetwork.framework"; sourceTree = SDKROOT; fileEncoding = undefined; lastKnownFileType = wrapper.framework; explicitFileType = undefined; includeInIndex = 0; };
		CB6A37E9C8B847CC9F3E3620 /* CDVAdMobPlugin.m */ = {isa = PBXFileReference; name = "CDVAdMobPlugin.m"; path = "cordova-plugin-admobpro/CDVAdMobPlugin.m"; sourceTree = "<group>"; fileEncoding = 4; lastKnownFileType = sourcecode.c.objc; explicitFileType = undefined; includeInIndex = 0; };
		1AAA4AD09D984B71AD164AB4 /* AdMobMediation.m */ = {isa = PBXFileReference; name = "AdMobMediation.m"; path = "cordova-plugin-admobpro/AdMobMediation.m"; sourceTree = "<group>"; fileEncoding = 4; lastKnownFileType = sourcecode.c.objc; explicitFileType = undefined; includeInIndex = 0; };
		5CB0196A3CBA4A3F89277578 /* CDVAdMobPlugin.h */ = {isa = PBXFileReference; name = "CDVAdMobPlugin.h"; path = "cordova-plugin-admobpro/CDVAdMobPlugin.h"; sourceTree = "<group>"; fileEncoding = 4; lastKnownFileType = sourcecode.c.h; explicitFileType = undefined; includeInIndex = 0; };
		513D223F35CC4903B984680E /* AdMobMediation.h */ = {isa = PBXFileReference; name = "AdMobMediation.h"; path = "cordova-plugin-admobpro/AdMobMediation.h"; sourceTree = "<group>"; fileEncoding = 4; lastKnownFileType = sourcecode.c.h; explicitFileType = undefined; includeInIndex = 0; };
		6E2A11CB45BF4CA39CE38D45 /* GoogleMobileAds.framework */ = {isa = PBXFileReference; name = "GoogleMobileAds.framework"; path = "TextTV.nu/Plugins/cordova-plugin-admobpro/GoogleMobileAds.framework"; sourceTree = "<group>"; fileEncoding = undefined; lastKnownFileType = wrapper.framework; explicitFileType = undefined; includeInIndex = 0; };
		20A25B4AF1924D748C96FE70 /* AdSupport.framework */ = {isa = PBXFileReference; name = "AdSupport.framework"; path = "System/Library/Frameworks/AdSupport.framework"; sourceTree = SDKROOT; fileEncoding = undefined; lastKnownFileType = wrapper.framework; explicitFileType = undefined; includeInIndex = 0; };
		4B4E152E70BB4AB6B6B15C9B /* AudioToolbox.framework */ = {isa = PBXFileReference; name = "AudioToolbox.framework"; path = "System/Library/Frameworks/AudioToolbox.framework"; sourceTree = SDKROOT; fileEncoding = undefined; lastKnownFileType = wrapper.framework; explicitFileType = undefined; includeInIndex = 0; };
		BF5B34734D5D408A81FEFE1A /* AVFoundation.framework */ = {isa = PBXFileReference; name = "AVFoundation.framework"; path = "System/Library/Frameworks/AVFoundation.framework"; sourceTree = SDKROOT; fileEncoding = undefined; lastKnownFileType = wrapper.framework; explicitFileType = undefined; includeInIndex = 0; };
		604898894EB84EF0AB5FAD05 /* CoreBluetooth.framework */ = {isa = PBXFileReference; name = "CoreBluetooth.framework"; path = "System/Library/Frameworks/CoreBluetooth.framework"; sourceTree = SDKROOT; fileEncoding = undefined; lastKnownFileType = wrapper.framework; explicitFileType = undefined; includeInIndex = 0; };
		A0B74096DDDA462BA94C52CC /* CoreLocation.framework */ = {isa = PBXFileReference; name = "CoreLocation.framework"; path = "System/Library/Frameworks/CoreLocation.framework"; sourceTree = SDKROOT; fileEncoding = undefined; lastKnownFileType = wrapper.framework; explicitFileType = undefined; includeInIndex = 0; };
		AD4547F54BDC41049611669E /* CoreMedia.framework */ = {isa = PBXFileReference; name = "CoreMedia.framework"; path = "System/Library/Frameworks/CoreMedia.framework"; sourceTree = SDKROOT; fileEncoding = undefined; lastKnownFileType = wrapper.framework; explicitFileType = undefined; includeInIndex = 0; };
		0852AD8E98EA44179DCB55CD /* CoreMotion.framework */ = {isa = PBXFileReference; name = "CoreMotion.framework"; path = "System/Library/Frameworks/CoreMotion.framework"; sourceTree = SDKROOT; fileEncoding = undefined; lastKnownFileType = wrapper.framework; explicitFileType = undefined; includeInIndex = 0; };
		35F0F725E6154421AD2F458A /* CoreTelephony.framework */ = {isa = PBXFileReference; name = "CoreTelephony.framework"; path = "System/Library/Frameworks/CoreTelephony.framework"; sourceTree = SDKROOT; fileEncoding = undefined; lastKnownFileType = wrapper.framework; explicitFileType = undefined; includeInIndex = 0; };
		C5ED5594F39D442B9A80A270 /* CoreVideo.framework */ = {isa = PBXFileReference; name = "CoreVideo.framework"; path = "System/Library/Frameworks/CoreVideo.framework"; sourceTree = SDKROOT; fileEncoding = undefined; lastKnownFileType = wrapper.framework; explicitFileType = undefined; includeInIndex = 0; };
		E08A359649BA424D87E7F93D /* EventKit.framework */ = {isa = PBXFileReference; name = "EventKit.framework"; path = "System/Library/Frameworks/EventKit.framework"; sourceTree = SDKROOT; fileEncoding = undefined; lastKnownFileType = wrapper.framework; explicitFileType = undefined; includeInIndex = 0; };
		FA0AD0EC47564B7C825CC51C /* EventKitUI.framework */ = {isa = PBXFileReference; name = "EventKitUI.framework"; path = "System/Library/Frameworks/EventKitUI.framework"; sourceTree = SDKROOT; fileEncoding = undefined; lastKnownFileType = wrapper.framework; explicitFileType = undefined; includeInIndex = 0; };
		0BC5D0D96D1045FA942E020A /* Foundation.framework */ = {isa = PBXFileReference; name = "Foundation.framework"; path = "System/Library/Frameworks/Foundation.framework"; sourceTree = SDKROOT; fileEncoding = undefined; lastKnownFileType = wrapper.framework; explicitFileType = undefined; includeInIndex = 0; };
		E78F3CDE472149A0BF581E4A /* GLKit.framework */ = {isa = PBXFileReference; name = "GLKit.framework"; path = "System/Library/Frameworks/GLKit.framework"; sourceTree = SDKROOT; fileEncoding = undefined; lastKnownFileType = wrapper.framework; explicitFileType = undefined; includeInIndex = 0; };
		47202BA053D94EF584486EC8 /* MediaPlayer.framework */ = {isa = PBXFileReference; name = "MediaPlayer.framework"; path = "System/Library/Frameworks/MediaPlayer.framework"; sourceTree = SDKROOT; fileEncoding = undefined; lastKnownFileType = wrapper.framework; explicitFileType = undefined; includeInIndex = 0; };
		EF3FBDD29CB5485A913AC5DA /* MessageUI.framework */ = {isa = PBXFileReference; name = "MessageUI.framework"; path = "System/Library/Frameworks/MessageUI.framework"; sourceTree = SDKROOT; fileEncoding = undefined; lastKnownFileType = wrapper.framework; explicitFileType = undefined; includeInIndex = 0; };
		9444C84D82A94EC9BA2CDFD5 /* OpenGLES.framework */ = {isa = PBXFileReference; name = "OpenGLES.framework"; path = "System/Library/Frameworks/OpenGLES.framework"; sourceTree = SDKROOT; fileEncoding = undefined; lastKnownFileType = wrapper.framework; explicitFileType = undefined; includeInIndex = 0; };
		04FB7DA07CCD40729F72E4C9 /* SafariServices.framework */ = {isa = PBXFileReference; name = "SafariServices.framework"; path = "System/Library/Frameworks/SafariServices.framework"; sourceTree = SDKROOT; fileEncoding = undefined; lastKnownFileType = wrapper.framework; explicitFileType = undefined; includeInIndex = 0; };
		33D17F82D0534D4E86C93037 /* StoreKit.framework */ = {isa = PBXFileReference; name = "StoreKit.framework"; path = "System/Library/Frameworks/StoreKit.framework"; sourceTree = SDKROOT; fileEncoding = undefined; lastKnownFileType = wrapper.framework; explicitFileType = undefined; includeInIndex = 0; };
		696A3C500537426D85B69E8D /* SystemConfiguration.framework */ = {isa = PBXFileReference; name = "SystemConfiguration.framework"; path = "System/Library/Frameworks/SystemConfiguration.framework"; sourceTree = SDKROOT; fileEncoding = undefined; lastKnownFileType = wrapper.framework; explicitFileType = undefined; includeInIndex = 0; };
		43805B343E914F31AAA84A2F /* UIKit.framework */ = {isa = PBXFileReference; name = "UIKit.framework"; path = "System/Library/Frameworks/UIKit.framework"; sourceTree = SDKROOT; fileEncoding = undefined; lastKnownFileType = wrapper.framework; explicitFileType = undefined; includeInIndex = 0; };
		148347B43D5F4FF283659D65 /* CDVLogger.m */ = {isa = PBXFileReference; name = "CDVLogger.m"; path = "cordova-plugin-console/CDVLogger.m"; sourceTree = "<group>"; fileEncoding = 4; lastKnownFileType = sourcecode.c.objc; explicitFileType = undefined; includeInIndex = 0; };
		0EE547501C984DFF89F7EA1E /* CDVLogger.h */ = {isa = PBXFileReference; name = "CDVLogger.h"; path = "cordova-plugin-console/CDVLogger.h"; sourceTree = "<group>"; fileEncoding = 4; lastKnownFileType = sourcecode.c.h; explicitFileType = undefined; includeInIndex = 0; };
		C178566238D94E108E9DBBD1 /* CDVDevice.m */ = {isa = PBXFileReference; name = "CDVDevice.m"; path = "cordova-plugin-device/CDVDevice.m"; sourceTree = "<group>"; fileEncoding = 4; lastKnownFileType = sourcecode.c.objc; explicitFileType = undefined; includeInIndex = 0; };
		6ED32923194949528FFE475D /* CDVDevice.h */ = {isa = PBXFileReference; name = "CDVDevice.h"; path = "cordova-plugin-device/CDVDevice.h"; sourceTree = "<group>"; fileEncoding = 4; lastKnownFileType = sourcecode.c.h; explicitFileType = undefined; includeInIndex = 0; };
		2FBF1157CE4F4DDA9D993045 /* UniversalAnalyticsPlugin.m */ = {isa = PBXFileReference; name = "UniversalAnalyticsPlugin.m"; path = "cordova-plugin-google-analytics/UniversalAnalyticsPlugin.m"; sourceTree = "<group>"; fileEncoding = 4; lastKnownFileType = sourcecode.c.objc; explicitFileType = undefined; includeInIndex = 0; };
		98031707571245DDB3B75035 /* libGoogleAnalyticsServices.a */ = {isa = PBXFileReference; name = "libGoogleAnalyticsServices.a"; path = "TextTV.nu/Plugins/cordova-plugin-google-analytics/libGoogleAnalyticsServices.a"; sourceTree = "<group>"; fileEncoding = undefined; lastKnownFileType = archive.ar; explicitFileType = undefined; includeInIndex = 0; };
		C3A92CE444014EED8B9516F1 /* libAdIdAccess.a */ = {isa = PBXFileReference; name = "libAdIdAccess.a"; path = "TextTV.nu/Plugins/cordova-plugin-google-analytics/libAdIdAccess.a"; sourceTree = "<group>"; fileEncoding = undefined; lastKnownFileType = archive.ar; explicitFileType = undefined; includeInIndex = 0; };
		8F3F4727E7284CA58FC21472 /* UniversalAnalyticsPlugin.h */ = {isa = PBXFileReference; name = "UniversalAnalyticsPlugin.h"; path = "cordova-plugin-google-analytics/UniversalAnalyticsPlugin.h"; sourceTree = "<group>"; fileEncoding = 4; lastKnownFileType = sourcecode.c.h; explicitFileType = undefined; includeInIndex = 0; };
		43C6F3CDB61241DDA90C1F61 /* GAIDictionaryBuilder.h */ = {isa = PBXFileReference; name = "GAIDictionaryBuilder.h"; path = "cordova-plugin-google-analytics/GAIDictionaryBuilder.h"; sourceTree = "<group>"; fileEncoding = 4; lastKnownFileType = sourcecode.c.h; explicitFileType = undefined; includeInIndex = 0; };
		44DCD3BC921849748C25FED2 /* GAIFields.h */ = {isa = PBXFileReference; name = "GAIFields.h"; path = "cordova-plugin-google-analytics/GAIFields.h"; sourceTree = "<group>"; fileEncoding = 4; lastKnownFileType = sourcecode.c.h; explicitFileType = undefined; includeInIndex = 0; };
		F450BE8ABC324AB5A577C900 /* GAILogger.h */ = {isa = PBXFileReference; name = "GAILogger.h"; path = "cordova-plugin-google-analytics/GAILogger.h"; sourceTree = "<group>"; fileEncoding = 4; lastKnownFileType = sourcecode.c.h; explicitFileType = undefined; includeInIndex = 0; };
		DD5FDCBA82654DA98F583E2C /* GAITrackedViewController.h */ = {isa = PBXFileReference; name = "GAITrackedViewController.h"; path = "cordova-plugin-google-analytics/GAITrackedViewController.h"; sourceTree = "<group>"; fileEncoding = 4; lastKnownFileType = sourcecode.c.h; explicitFileType = undefined; includeInIndex = 0; };
		BE4F9A9EEFE84922B5F7968F /* GAI.h */ = {isa = PBXFileReference; name = "GAI.h"; path = "cordova-plugin-google-analytics/GAI.h"; sourceTree = "<group>"; fileEncoding = 4; lastKnownFileType = sourcecode.c.h; explicitFileType = undefined; includeInIndex = 0; };
		99ACDF7EA65A45FBA5634FB5 /* GAITracker.h */ = {isa = PBXFileReference; name = "GAITracker.h"; path = "cordova-plugin-google-analytics/GAITracker.h"; sourceTree = "<group>"; fileEncoding = 4; lastKnownFileType = sourcecode.c.h; explicitFileType = undefined; includeInIndex = 0; };
		84F71A9EE29F40DD99FCC35E /* GAIEcommerceFields.h */ = {isa = PBXFileReference; name = "GAIEcommerceFields.h"; path = "cordova-plugin-google-analytics/GAIEcommerceFields.h"; sourceTree = "<group>"; fileEncoding = 4; lastKnownFileType = sourcecode.c.h; explicitFileType = undefined; includeInIndex = 0; };
		EF6C163D6DA44194B35EF24A /* GAIEcommerceProduct.h */ = {isa = PBXFileReference; name = "GAIEcommerceProduct.h"; path = "cordova-plugin-google-analytics/GAIEcommerceProduct.h"; sourceTree = "<group>"; fileEncoding = 4; lastKnownFileType = sourcecode.c.h; explicitFileType = undefined; includeInIndex = 0; };
		4993F8165D9D4AA49016EBAF /* GAIEcommerceProductAction.h */ = {isa = PBXFileReference; name = "GAIEcommerceProductAction.h"; path = "cordova-plugin-google-analytics/GAIEcommerceProductAction.h"; sourceTree = "<group>"; fileEncoding = 4; lastKnownFileType = sourcecode.c.h; explicitFileType = undefined; includeInIndex = 0; };
		BE306F20D0884A5B8DEA180A /* GAIEcommercePromotion.h */ = {isa = PBXFileReference; name = "GAIEcommercePromotion.h"; path = "cordova-plugin-google-analytics/GAIEcommercePromotion.h"; sourceTree = "<group>"; fileEncoding = 4; lastKnownFileType = sourcecode.c.h; explicitFileType = undefined; includeInIndex = 0; };
		E0B5E50501EA4BB089EF3761 /* CoreData.framework */ = {isa = PBXFileReference; name = "CoreData.framework"; path = "System/Library/Frameworks/CoreData.framework"; sourceTree = SDKROOT; fileEncoding = undefined; lastKnownFileType = wrapper.framework; explicitFileType = undefined; includeInIndex = 0; };
		77E91CB246F34F4A9510DA84 /* libz.dylib */ = {isa = PBXFileReference; name = "libz.dylib"; path = "usr/lib/libz.dylib"; sourceTree = SDKROOT; fileEncoding = undefined; lastKnownFileType = compiled.mach-o.dylib; explicitFileType = undefined; includeInIndex = 0; };
		A4A84F3BEF1A452C8BF3E71B /* libsqlite3.dylib */ = {isa = PBXFileReference; name = "libsqlite3.dylib"; path = "usr/lib/libsqlite3.dylib"; sourceTree = SDKROOT; fileEncoding = undefined; lastKnownFileType = compiled.mach-o.dylib; explicitFileType = undefined; includeInIndex = 0; };
		35BE69AC34754712B4DD08BB /* CDVInAppBrowser.m */ = {isa = PBXFileReference; name = "CDVInAppBrowser.m"; path = "cordova-plugin-inappbrowser/CDVInAppBrowser.m"; sourceTree = "<group>"; fileEncoding = 4; lastKnownFileType = sourcecode.c.objc; explicitFileType = undefined; includeInIndex = 0; };
		C7B6B8673E1D441EB3BE8E65 /* CDVInAppBrowser.h */ = {isa = PBXFileReference; name = "CDVInAppBrowser.h"; path = "cordova-plugin-inappbrowser/CDVInAppBrowser.h"; sourceTree = "<group>"; fileEncoding = 4; lastKnownFileType = sourcecode.c.h; explicitFileType = undefined; includeInIndex = 0; };
		1AC0CCB9C7444A8C8521C2A8 /* CDVSplashScreen.m */ = {isa = PBXFileReference; name = "CDVSplashScreen.m"; path = "cordova-plugin-splashscreen/CDVSplashScreen.m"; sourceTree = "<group>"; fileEncoding = 4; lastKnownFileType = sourcecode.c.objc; explicitFileType = undefined; includeInIndex = 0; };
		46C5ECC845D04AF995EF13D0 /* CDVViewController+SplashScreen.m */ = {isa = PBXFileReference; name = "CDVViewController+SplashScreen.m"; path = "cordova-plugin-splashscreen/CDVViewController+SplashScreen.m"; sourceTree = "<group>"; fileEncoding = 4; lastKnownFileType = sourcecode.c.objc; explicitFileType = undefined; includeInIndex = 0; };
		E83B0EA07C3849B8BBFDA46D /* CDVSplashScreen.h */ = {isa = PBXFileReference; name = "CDVSplashScreen.h"; path = "cordova-plugin-splashscreen/CDVSplashScreen.h"; sourceTree = "<group>"; fileEncoding = 4; lastKnownFileType = sourcecode.c.h; explicitFileType = undefined; includeInIndex = 0; };
		D8CA5382C59E4D9DAC7AB6B8 /* CDVViewController+SplashScreen.h */ = {isa = PBXFileReference; name = "CDVViewController+SplashScreen.h"; path = "cordova-plugin-splashscreen/CDVViewController+SplashScreen.h"; sourceTree = "<group>"; fileEncoding = 4; lastKnownFileType = sourcecode.c.h; explicitFileType = undefined; includeInIndex = 0; };
		4FBCF6BFDD7B4C91AD5ED315 /* CDVStatusBar.m */ = {isa = PBXFileReference; name = "CDVStatusBar.m"; path = "cordova-plugin-statusbar/CDVStatusBar.m"; sourceTree = "<group>"; fileEncoding = 4; lastKnownFileType = sourcecode.c.objc; explicitFileType = undefined; includeInIndex = 0; };
		85D986ED94C040C7AFCDA7E3 /* CDVStatusBar.h */ = {isa = PBXFileReference; name = "CDVStatusBar.h"; path = "cordova-plugin-statusbar/CDVStatusBar.h"; sourceTree = "<group>"; fileEncoding = 4; lastKnownFileType = sourcecode.c.h; explicitFileType = undefined; includeInIndex = 0; };
		40912C02D9624DAFB78CB601 /* NSString+URLEncoding.m */ = {isa = PBXFileReference; name = "NSString+URLEncoding.m"; path = "cordova-plugin-x-socialsharing/NSString+URLEncoding.m"; sourceTree = "<group>"; fileEncoding = 4; lastKnownFileType = sourcecode.c.objc; explicitFileType = undefined; includeInIndex = 0; };
		F1ED77BA25D744DDA4992207 /* SocialSharing.m */ = {isa = PBXFileReference; name = "SocialSharing.m"; path = "cordova-plugin-x-socialsharing/SocialSharing.m"; sourceTree = "<group>"; fileEncoding = 4; lastKnownFileType = sourcecode.c.objc; explicitFileType = undefined; includeInIndex = 0; };
		D2A0641CE9E74EA98C8C467B /* NSString+URLEncoding.h */ = {isa = PBXFileReference; name = "NSString+URLEncoding.h"; path = "cordova-plugin-x-socialsharing/NSString+URLEncoding.h"; sourceTree = "<group>"; fileEncoding = 4; lastKnownFileType = sourcecode.c.h; explicitFileType = undefined; includeInIndex = 0; };
		704BC0540F0540A684988C34 /* SocialSharing.h */ = {isa = PBXFileReference; name = "SocialSharing.h"; path = "cordova-plugin-x-socialsharing/SocialSharing.h"; sourceTree = "<group>"; fileEncoding = 4; lastKnownFileType = sourcecode.c.h; explicitFileType = undefined; includeInIndex = 0; };
		4C6808BD0F0C48FA90A975B9 /* Social.framework */ = {isa = PBXFileReference; name = "Social.framework"; path = "System/Library/Frameworks/Social.framework"; sourceTree = SDKROOT; fileEncoding = undefined; lastKnownFileType = wrapper.framework; explicitFileType = undefined; includeInIndex = 0; };
/* End PBXFileReference section */

/* Begin PBXFrameworksBuildPhase section */
		1D60588F0D05DD3D006BFB54 /* Frameworks */ = {
			isa = PBXFrameworksBuildPhase;
			buildActionMask = 2147483647;
			files = (
				301BF552109A68D80062928A /* libCordova.a in Frameworks */,
				7D5B81C1E6E04DB7A59ED876 /* libCordovaGenericAd.a in Frameworks */,
				F36021FD9C124C4C99FEDAC6 /* CFNetwork.framework in Frameworks */,
				705ED38D5E1A4D1686A76C8E /* GoogleMobileAds.framework in Frameworks */,
				9A4615ED4BFB47A5B39E2A52 /* AdSupport.framework in Frameworks */,
				0C5E0E326A5D4C219AF8CD8D /* AudioToolbox.framework in Frameworks */,
				D66CA50482D04EE18F58BA54 /* AVFoundation.framework in Frameworks */,
				41BDE0414D0D4C9CBCA4B830 /* CoreBluetooth.framework in Frameworks */,
				D4C41F745F104AF3BFB98DAF /* CoreLocation.framework in Frameworks */,
				2D2068CA516641AF959D58E4 /* CoreMedia.framework in Frameworks */,
				BA67B9B30EB54C879A2DB833 /* CoreMotion.framework in Frameworks */,
				DB5FE62189FB4A2ABA2A2934 /* CoreTelephony.framework in Frameworks */,
				1A6C852C83A549AF8C637992 /* CoreVideo.framework in Frameworks */,
				D93A58E9307140E2BF6DA128 /* EventKit.framework in Frameworks */,
				67602B0396B34888ACB67749 /* EventKitUI.framework in Frameworks */,
				FD1CB36D02274A78862FFA23 /* Foundation.framework in Frameworks */,
				21A391DA7E314BF182BF1B1C /* GLKit.framework in Frameworks */,
				EE1B13AB89EA48259C02A472 /* MediaPlayer.framework in Frameworks */,
				AD54895EB7334B969B4D6D6C /* MessageUI.framework in Frameworks */,
				4F3DC6ADFC174E859C4C0911 /* OpenGLES.framework in Frameworks */,
				E6E5B5D5024E4E5191027403 /* SafariServices.framework in Frameworks */,
				FDCC0FF14DA44C9CB0E2B01F /* StoreKit.framework in Frameworks */,
				F94DD06C4F2748098D013695 /* SystemConfiguration.framework in Frameworks */,
				9E19FC5A63AE45EDB677EAE1 /* UIKit.framework in Frameworks */,
				9D8C16B5C84C42F28C0FA1B6 /* libGoogleAnalyticsServices.a in Frameworks */,
				05DED3FB60A046D7BF29A7A3 /* libAdIdAccess.a in Frameworks */,
				94AA5414B6C1455397D8F5AC /* CoreData.framework in Frameworks */,
				D7BA2A633D47448790DDA327 /* libz.dylib in Frameworks */,
				7C1558D07BFD40AF8E186180 /* libsqlite3.dylib in Frameworks */,
				701B11E074794EDC84CBF572 /* Social.framework in Frameworks */,
			);
			runOnlyForDeploymentPostprocessing = 0;
		};
/* End PBXFrameworksBuildPhase section */

/* Begin PBXGroup section */
		080E96DDFE201D6D7F000001 /* Classes */ = {
			isa = PBXGroup;
			children = (
				302D95EE14D2391D003F00A1 /* MainViewController.h */,
				302D95EF14D2391D003F00A1 /* MainViewController.m */,
				302D95F014D2391D003F00A1 /* MainViewController.xib */,
				1D3623240D0F684500981E51 /* AppDelegate.h */,
				1D3623250D0F684500981E51 /* AppDelegate.m */,
			);
			name = Classes;
			path = "TextTV.nu/Classes";
			sourceTree = SOURCE_ROOT;
		};
		19C28FACFE9D520D11CA2CBB /* Products */ = {
			isa = PBXGroup;
			children = (
				1D6058910D05DD3D006BFB54 /* TextTV.nu.app */,
			);
			name = Products;
			sourceTree = "<group>";
		};
		29B97314FDCFA39411CA2CEA /* CustomTemplate */ = {
			isa = PBXGroup;
			children = (
				EB87FDF41871DAF40020F90C /* config.xml */,
				EB87FDF31871DA8E0020F90C /* www */,
				EB87FDF11871DA420020F90C /* Staging */,
				301BF52D109A57CC0062928A /* CordovaLib.xcodeproj */,
				080E96DDFE201D6D7F000001 /* Classes */,
				307C750510C5A3420062BCA9 /* Plugins */,
				29B97315FDCFA39411CA2CEA /* Other Sources */,
				29B97317FDCFA39411CA2CEA /* Resources */,
				29B97323FDCFA39411CA2CEA /* Frameworks */,
				19C28FACFE9D520D11CA2CBB /* Products */,
			);
			name = CustomTemplate;
			sourceTree = "<group>";
		};
		29B97315FDCFA39411CA2CEA /* Other Sources */ = {
			isa = PBXGroup;
			children = (
				32CA4F630368D1EE00C91783 /* TextTV.nu-Prefix.pch */,
				29B97316FDCFA39411CA2CEA /* main.m */,
				ED33DF2A687741AEAF9F8254 /* Bridging-Header.h */,
			);
			name = "Other Sources";
			path = "TextTV.nu";
			sourceTree = "<group>";
		};
		29B97317FDCFA39411CA2CEA /* Resources */ = {
			isa = PBXGroup;
			children = (
				0207DA571B56EA530066E2B4 /* Images.xcassets */,
				3047A50E1AB8057F00498E2A /* config */,
				8D1107310486CEB800E47090 /* TextTV.nu-Info.plist */,
				6AFF5BF81D6E424B00AB3073 /* CDVLaunchScreen.storyboard */,
			);
			name = Resources;
			path = "TextTV.nu/Resources";
			sourceTree = "<group>";
		};
		29B97323FDCFA39411CA2CEA /* Frameworks */ = {
			isa = PBXGroup;
			children = (
				480EB33B951D4530B8743492 /* libCordovaGenericAd.a */,
				D11620E5876A4BA8B97E9571 /* CFNetwork.framework */,
				6E2A11CB45BF4CA39CE38D45 /* GoogleMobileAds.framework */,
				20A25B4AF1924D748C96FE70 /* AdSupport.framework */,
				4B4E152E70BB4AB6B6B15C9B /* AudioToolbox.framework */,
				BF5B34734D5D408A81FEFE1A /* AVFoundation.framework */,
				604898894EB84EF0AB5FAD05 /* CoreBluetooth.framework */,
				A0B74096DDDA462BA94C52CC /* CoreLocation.framework */,
				AD4547F54BDC41049611669E /* CoreMedia.framework */,
				0852AD8E98EA44179DCB55CD /* CoreMotion.framework */,
				35F0F725E6154421AD2F458A /* CoreTelephony.framework */,
				C5ED5594F39D442B9A80A270 /* CoreVideo.framework */,
				E08A359649BA424D87E7F93D /* EventKit.framework */,
				FA0AD0EC47564B7C825CC51C /* EventKitUI.framework */,
				0BC5D0D96D1045FA942E020A /* Foundation.framework */,
				E78F3CDE472149A0BF581E4A /* GLKit.framework */,
				47202BA053D94EF584486EC8 /* MediaPlayer.framework */,
				EF3FBDD29CB5485A913AC5DA /* MessageUI.framework */,
				9444C84D82A94EC9BA2CDFD5 /* OpenGLES.framework */,
				04FB7DA07CCD40729F72E4C9 /* SafariServices.framework */,
				33D17F82D0534D4E86C93037 /* StoreKit.framework */,
				696A3C500537426D85B69E8D /* SystemConfiguration.framework */,
				43805B343E914F31AAA84A2F /* UIKit.framework */,
				98031707571245DDB3B75035 /* libGoogleAnalyticsServices.a */,
				C3A92CE444014EED8B9516F1 /* libAdIdAccess.a */,
				E0B5E50501EA4BB089EF3761 /* CoreData.framework */,
				77E91CB246F34F4A9510DA84 /* libz.dylib */,
				A4A84F3BEF1A452C8BF3E71B /* libsqlite3.dylib */,
				4C6808BD0F0C48FA90A975B9 /* Social.framework */,
			);
			name = Frameworks;
			sourceTree = "<group>";
		};
		301BF52E109A57CC0062928A /* Products */ = {
			isa = PBXGroup;
			children = (
				301BF535109A57CC0062928A /* libCordova.a */,
			);
			name = Products;
			sourceTree = "<group>";
		};
		3047A50E1AB8057F00498E2A /* config */ = {
			isa = PBXGroup;
			children = (
				3047A50F1AB8059700498E2A /* build-debug.xcconfig */,
				3047A5101AB8059700498E2A /* build-release.xcconfig */,
				3047A5111AB8059700498E2A /* build.xcconfig */,
			);
			name = config;
			sourceTree = "<group>";
		};
		307C750510C5A3420062BCA9 /* Plugins */ = {
			isa = PBXGroup;
			children = (
				8C86CD28F6B94837B503B7CE /* CDVPluginExt.m */,
				5F2568C221644CF480D8133E /* PluginAdapterDelegate.h */,
				244C9BC5521540839E12814D /* CDVPluginExt.h */,
				CFF39DD9F7F54396B4C66328 /* GenericAdPlugin.h */,
				CB6A37E9C8B847CC9F3E3620 /* CDVAdMobPlugin.m */,
				1AAA4AD09D984B71AD164AB4 /* AdMobMediation.m */,
				5CB0196A3CBA4A3F89277578 /* CDVAdMobPlugin.h */,
				513D223F35CC4903B984680E /* AdMobMediation.h */,
				148347B43D5F4FF283659D65 /* CDVLogger.m */,
				0EE547501C984DFF89F7EA1E /* CDVLogger.h */,
				C178566238D94E108E9DBBD1 /* CDVDevice.m */,
				6ED32923194949528FFE475D /* CDVDevice.h */,
				2FBF1157CE4F4DDA9D993045 /* UniversalAnalyticsPlugin.m */,
				8F3F4727E7284CA58FC21472 /* UniversalAnalyticsPlugin.h */,
				43C6F3CDB61241DDA90C1F61 /* GAIDictionaryBuilder.h */,
				44DCD3BC921849748C25FED2 /* GAIFields.h */,
				F450BE8ABC324AB5A577C900 /* GAILogger.h */,
				DD5FDCBA82654DA98F583E2C /* GAITrackedViewController.h */,
				BE4F9A9EEFE84922B5F7968F /* GAI.h */,
				99ACDF7EA65A45FBA5634FB5 /* GAITracker.h */,
				84F71A9EE29F40DD99FCC35E /* GAIEcommerceFields.h */,
				EF6C163D6DA44194B35EF24A /* GAIEcommerceProduct.h */,
				4993F8165D9D4AA49016EBAF /* GAIEcommerceProductAction.h */,
				BE306F20D0884A5B8DEA180A /* GAIEcommercePromotion.h */,
				35BE69AC34754712B4DD08BB /* CDVInAppBrowser.m */,
				C7B6B8673E1D441EB3BE8E65 /* CDVInAppBrowser.h */,
				1AC0CCB9C7444A8C8521C2A8 /* CDVSplashScreen.m */,
				46C5ECC845D04AF995EF13D0 /* CDVViewController+SplashScreen.m */,
				E83B0EA07C3849B8BBFDA46D /* CDVSplashScreen.h */,
				D8CA5382C59E4D9DAC7AB6B8 /* CDVViewController+SplashScreen.h */,
				4FBCF6BFDD7B4C91AD5ED315 /* CDVStatusBar.m */,
				85D986ED94C040C7AFCDA7E3 /* CDVStatusBar.h */,
				40912C02D9624DAFB78CB601 /* NSString+URLEncoding.m */,
				F1ED77BA25D744DDA4992207 /* SocialSharing.m */,
				D2A0641CE9E74EA98C8C467B /* NSString+URLEncoding.h */,
				704BC0540F0540A684988C34 /* SocialSharing.h */,
			);
			name = Plugins;
			path = "TextTV.nu/Plugins";
			sourceTree = SOURCE_ROOT;
		};
		EB87FDF11871DA420020F90C /* Staging */ = {
			isa = PBXGroup;
			children = (
				F840E1F0165FE0F500CFE078 /* config.xml */,
				301BF56E109A69640062928A /* www */,
			);
			name = Staging;
			sourceTree = "<group>";
		};
/* End PBXGroup section */

/* Begin PBXNativeTarget section */
		1D6058900D05DD3D006BFB54 /* TextTV.nu */ = {
			isa = PBXNativeTarget;
			buildConfigurationList = 1D6058960D05DD3E006BFB54 /* Build configuration list for PBXNativeTarget "TextTV.nu" */;
			buildPhases = (
				304B58A110DAC018002A0835 /* Copy www directory */,
				1D60588D0D05DD3D006BFB54 /* Resources */,
				1D60588E0D05DD3D006BFB54 /* Sources */,
				1D60588F0D05DD3D006BFB54 /* Frameworks */,
			);
			buildRules = (
			);
			dependencies = (
				301BF551109A68C00062928A /* PBXTargetDependency */,
			);
			name = "TextTV.nu";
			productName = "TextTV.nu";
			productReference = 1D6058910D05DD3D006BFB54 /* TextTV.nu.app */;
			productType = "com.apple.product-type.application";
		};
/* End PBXNativeTarget section */

/* Begin PBXProject section */
		29B97313FDCFA39411CA2CEA /* Project object */ = {
			isa = PBXProject;
			attributes = {
				LastUpgradeCheck = 510;
			};
			buildConfigurationList = C01FCF4E08A954540054247B /* Build configuration list for PBXProject "__NON-CLI__" */;
			compatibilityVersion = "Xcode 3.2";
			developmentRegion = English;
			hasScannedForEncodings = 1;
			mainGroup = 29B97314FDCFA39411CA2CEA /* CustomTemplate */;
			projectDirPath = "";
			projectReferences = (
				{
					ProductGroup = 301BF52E109A57CC0062928A /* Products */;
					ProjectRef = 301BF52D109A57CC0062928A /* CordovaLib.xcodeproj */;
				},
			);
			projectRoot = "";
			targets = (
				1D6058900D05DD3D006BFB54 /* TextTV.nu */,
			);
		};
/* End PBXProject section */

/* Begin PBXReferenceProxy section */
		301BF535109A57CC0062928A /* libCordova.a */ = {
			isa = PBXReferenceProxy;
			fileType = archive.ar;
			path = libCordova.a;
			remoteRef = 301BF534109A57CC0062928A /* PBXContainerItemProxy */;
			sourceTree = BUILT_PRODUCTS_DIR;
		};
/* End PBXReferenceProxy section */

/* Begin PBXResourcesBuildPhase section */
		1D60588D0D05DD3D006BFB54 /* Resources */ = {
			isa = PBXResourcesBuildPhase;
			buildActionMask = 2147483647;
			files = (
				302D95F214D2391D003F00A1 /* MainViewController.xib in Resources */,
				0207DA581B56EA530066E2B4 /* Images.xcassets in Resources */,
				6AFF5BF91D6E424B00AB3073 /* CDVLaunchScreen.storyboard in Resources */,
			);
			runOnlyForDeploymentPostprocessing = 0;
		};
/* End PBXResourcesBuildPhase section */

/* Begin PBXShellScriptBuildPhase section */
		304B58A110DAC018002A0835 /* Copy www directory */ = {
			isa = PBXShellScriptBuildPhase;
			buildActionMask = 2147483647;
			files = (
			);
			inputPaths = (
			);
			name = "Copy www directory";
			outputPaths = (
			);
			runOnlyForDeploymentPostprocessing = 0;
			shellPath = /bin/sh;
			shellScript = "NODEJS_PATH=/usr/local/bin; NVM_NODE_PATH=~/.nvm/versions/node/`nvm version 2>/dev/null`/bin; N_NODE_PATH=`find /usr/local/n/versions/node/* -maxdepth 0 -type d 2>/dev/null | tail -1`/bin; XCODE_NODE_PATH=`xcode-select --print-path`/usr/share/xcs/Node/bin; PATH=$NODEJS_PATH:$NVM_NODE_PATH:$N_NODE_PATH:$XCODE_NODE_PATH:$PATH && node cordova/lib/copy-www-build-step.js";
			showEnvVarsInLog = 0;
		};
/* End PBXShellScriptBuildPhase section */

/* Begin PBXSourcesBuildPhase section */
		1D60588E0D05DD3D006BFB54 /* Sources */ = {
			isa = PBXSourcesBuildPhase;
			buildActionMask = 2147483647;
			files = (
				1D60589B0D05DD56006BFB54 /* main.m in Sources */,
				1D3623260D0F684500981E51 /* AppDelegate.m in Sources */,
				302D95F114D2391D003F00A1 /* MainViewController.m in Sources */,
				4B8DDEF229C448C7A767C5FA /* CDVPluginExt.m in Sources */,
				30A8D1B172364C6AB4B288B6 /* CDVAdMobPlugin.m in Sources */,
				3E6A49B95B514D3686C66DAA /* AdMobMediation.m in Sources */,
				3C4C6336F57344B0B6366CE3 /* CDVLogger.m in Sources */,
				64C0AAF4AFBB4F22BF84CC41 /* CDVDevice.m in Sources */,
				CD1F7AED37D24AD7940B51C7 /* UniversalAnalyticsPlugin.m in Sources */,
				7F8ECB39DBD84C5ABBDEEF07 /* CDVInAppBrowser.m in Sources */,
				AC2432C373C34535AA7A0BD0 /* CDVSplashScreen.m in Sources */,
				9E51998B90F340359F1A65A0 /* CDVViewController+SplashScreen.m in Sources */,
				81989CE4C13F43C0AA40A30E /* CDVStatusBar.m in Sources */,
				BFAF8B823A624635BC3CA313 /* NSString+URLEncoding.m in Sources */,
				0B158031DC9D432B820BDE0C /* SocialSharing.m in Sources */,
			);
			runOnlyForDeploymentPostprocessing = 0;
		};
/* End PBXSourcesBuildPhase section */

/* Begin PBXTargetDependency section */
		301BF551109A68C00062928A /* PBXTargetDependency */ = {
			isa = PBXTargetDependency;
			name = CordovaLib;
			targetProxy = 301BF550109A68C00062928A /* PBXContainerItemProxy */;
		};
/* End PBXTargetDependency section */

/* Begin XCBuildConfiguration section */
		1D6058940D05DD3E006BFB54 /* Debug */ = {
			isa = XCBuildConfiguration;
			baseConfigurationReference = 3047A50F1AB8059700498E2A /* build-debug.xcconfig */;
			buildSettings = {
				ALWAYS_SEARCH_USER_PATHS = NO;
				ASSETCATALOG_COMPILER_APPICON_NAME = AppIcon;
				ASSETCATALOG_COMPILER_LAUNCHIMAGE_NAME = LaunchImage;
				CLANG_ENABLE_MODULES = YES;
				CLANG_ENABLE_OBJC_ARC = YES;
				COPY_PHASE_STRIP = NO;
				GCC_DYNAMIC_NO_PIC = NO;
				GCC_OPTIMIZATION_LEVEL = 0;
				GCC_PRECOMPILE_PREFIX_HEADER = YES;
				GCC_PREFIX_HEADER = "TextTV.nu/TextTV.nu-Prefix.pch";
				GCC_THUMB_SUPPORT = NO;
				GCC_VERSION = "";
				INFOPLIST_FILE = "TextTV.nu/TextTV.nu-Info.plist";
				IPHONEOS_DEPLOYMENT_TARGET = 9.0;
				LD_RUNPATH_SEARCH_PATHS = "@executable_path/Frameworks";
				TARGETED_DEVICE_FAMILY = "1,2";
				PRODUCT_NAME = "TextTV.nu";
				LIBRARY_SEARCH_PATHS = (
					"$(inherited)",
					"\"$(SRCROOT)/TextTV.nu/Plugins/cordova-plugin-extension\"",
					"\"$(SRCROOT)/TextTV.nu/Plugins/cordova-plugin-google-analytics\"",
					"\"$(SRCROOT)/TextTV.nu/Plugins/cordova-plugin-google-analytics\"",
				);
				FRAMEWORK_SEARCH_PATHS = (
					"$(inherited)",
					"\"TextTV.nu/Plugins/cordova-plugin-admobpro\"",
				);
			};
			name = Debug;
		};
		1D6058950D05DD3E006BFB54 /* Release */ = {
			isa = XCBuildConfiguration;
			baseConfigurationReference = 3047A5101AB8059700498E2A /* build-release.xcconfig */;
			buildSettings = {
				ALWAYS_SEARCH_USER_PATHS = NO;
				ASSETCATALOG_COMPILER_APPICON_NAME = AppIcon;
				ASSETCATALOG_COMPILER_LAUNCHIMAGE_NAME = LaunchImage;
				CLANG_ENABLE_MODULES = YES;
				CLANG_ENABLE_OBJC_ARC = YES;
				COPY_PHASE_STRIP = YES;
				GCC_PRECOMPILE_PREFIX_HEADER = YES;
				GCC_PREFIX_HEADER = "TextTV.nu/TextTV.nu-Prefix.pch";
				GCC_THUMB_SUPPORT = NO;
				GCC_VERSION = "";
				INFOPLIST_FILE = "TextTV.nu/TextTV.nu-Info.plist";
				IPHONEOS_DEPLOYMENT_TARGET = 9.0;
				LD_RUNPATH_SEARCH_PATHS = "@executable_path/Frameworks";
				TARGETED_DEVICE_FAMILY = "1,2";
				PRODUCT_NAME = "TextTV.nu";
				LIBRARY_SEARCH_PATHS = (
					"$(inherited)",
					"\"$(SRCROOT)/TextTV.nu/Plugins/cordova-plugin-extension\"",
					"\"$(SRCROOT)/TextTV.nu/Plugins/cordova-plugin-google-analytics\"",
					"\"$(SRCROOT)/TextTV.nu/Plugins/cordova-plugin-google-analytics\"",
				);
				FRAMEWORK_SEARCH_PATHS = (
					"$(inherited)",
					"\"TextTV.nu/Plugins/cordova-plugin-admobpro\"",
				);
			};
			name = Release;
		};
		C01FCF4F08A954540054247B /* Debug */ = {
			isa = XCBuildConfiguration;
			baseConfigurationReference = 3047A5111AB8059700498E2A /* build.xcconfig */;
			buildSettings = {
				CLANG_ENABLE_MODULES = YES;
				CLANG_ENABLE_OBJC_ARC = YES;
				CLANG_WARN_BOOL_CONVERSION = YES;
				CLANG_WARN_CONSTANT_CONVERSION = YES;
				CLANG_WARN_EMPTY_BODY = YES;
				CLANG_WARN_ENUM_CONVERSION = YES;
				CLANG_WARN_INT_CONVERSION = YES;
				CLANG_WARN__DUPLICATE_METHOD_MATCH = YES;
				GCC_C_LANGUAGE_STANDARD = c99;
				GCC_THUMB_SUPPORT = NO;
				GCC_VERSION = "";
				GCC_WARN_ABOUT_RETURN_TYPE = YES;
				GCC_WARN_UNDECLARED_SELECTOR = YES;
				GCC_WARN_UNINITIALIZED_AUTOS = YES;
				GCC_WARN_UNUSED_FUNCTION = YES;
				GCC_WARN_UNUSED_VARIABLE = YES;
				ONLY_ACTIVE_ARCH = YES;
				SDKROOT = iphoneos;
				SKIP_INSTALL = NO;
				ASSETCATALOG_COMPILER_LAUNCHIMAGE_NAME = LaunchImage;
			};
			name = Debug;
		};
		C01FCF5008A954540054247B /* Release */ = {
			isa = XCBuildConfiguration;
			baseConfigurationReference = 3047A5111AB8059700498E2A /* build.xcconfig */;
			buildSettings = {
				CLANG_ENABLE_MODULES = YES;
				CLANG_ENABLE_OBJC_ARC = YES;
				CLANG_WARN_BOOL_CONVERSION = YES;
				CLANG_WARN_CONSTANT_CONVERSION = YES;
				CLANG_WARN_EMPTY_BODY = YES;
				CLANG_WARN_ENUM_CONVERSION = YES;
				CLANG_WARN_INT_CONVERSION = YES;
				CLANG_WARN__DUPLICATE_METHOD_MATCH = YES;
				GCC_C_LANGUAGE_STANDARD = c99;
				GCC_THUMB_SUPPORT = NO;
				GCC_VERSION = "";
				GCC_WARN_ABOUT_RETURN_TYPE = YES;
				GCC_WARN_UNDECLARED_SELECTOR = YES;
				GCC_WARN_UNINITIALIZED_AUTOS = YES;
				GCC_WARN_UNUSED_FUNCTION = YES;
				GCC_WARN_UNUSED_VARIABLE = YES;
				SDKROOT = iphoneos;
				SKIP_INSTALL = NO;
				ASSETCATALOG_COMPILER_LAUNCHIMAGE_NAME = LaunchImage;
			};
			name = Release;
		};
/* End XCBuildConfiguration section */

/* Begin XCConfigurationList section */
		1D6058960D05DD3E006BFB54 /* Build configuration list for PBXNativeTarget "TextTV.nu" */ = {
			isa = XCConfigurationList;
			buildConfigurations = (
				1D6058940D05DD3E006BFB54 /* Debug */,
				1D6058950D05DD3E006BFB54 /* Release */,
			);
			defaultConfigurationIsVisible = 0;
			defaultConfigurationName = Release;
		};
		C01FCF4E08A954540054247B /* Build configuration list for PBXProject "__NON-CLI__" */ = {
			isa = XCConfigurationList;
			buildConfigurations = (
				C01FCF4F08A954540054247B /* Debug */,
				C01FCF5008A954540054247B /* Release */,
			);
			defaultConfigurationIsVisible = 0;
			defaultConfigurationName = Release;
		};
/* End XCConfigurationList section */
	};
	rootObject = 29B97313FDCFA39411CA2CEA /* Project object */;
}
